{
  "object": {
    "pins": [
      {
        "package": "SPConfetti",
        "repositoryURL": "https://github.com/ivanvorobei/SPConfetti",
        "state": {
          "branch": null,
          "revision": "cda80c9847d86a8180746774bcbcbee8b9aa00fe",
          "version": "1.2.5"
        }
      }
    ]
  },
  "version": 1
}
