{
  "pins" : [
    {
      "identity" : "spconfetti",
      "kind" : "remoteSourceControl",
      "location" : "https://github.com/ivanvorobei/SPConfetti",
      "state" : {
        "revision" : "fd172fe3cc07572e546942cb175b16e549fc3e1a",
        "version" : "1.4.0"
      }
    }
  ],
  "version" : 2
}
