{
  "object": {
    "pins": [
      {
        "package": "SPConfetti",
        "repositoryURL": "https://github.com/ivanvorobei/SPConfetti",
        "state": {
          "branch": null,
          "revision": "fe1b3ea67225f774e5c8fcda7610e6366c97cf20",
          "version": "1.2.4"
        }
      }
    ]
  },
  "version": 1
}
