// !$*UTF8*$!
{
	archiveVersion = 1;
	classes = {
	};
	objectVersion = 54;
	objects = {

/* Begin PBXBuildFile section */
		CB023FD325F38365009DEDCF /* CodableUserDefaults.swift in Sources */ = {isa = PBXBuildFile; fileRef = CB023FD225F38365009DEDCF /* CodableUserDefaults.swift */; };
		CB023FD625F38BA5009DEDCF /* ProfileView.swift in Sources */ = {isa = PBXBuildFile; fileRef = CB023FD525F38BA5009DEDCF /* ProfileView.swift */; };
		CB034D37261AE942002DEDDC /* ExitButtonView.swift in Sources */ = {isa = PBXBuildFile; fileRef = CB034D36261AE942002DEDDC /* ExitButtonView.swift */; };
		CB034D39261C5824002DEDDC /* Bandwidth.swift in Sources */ = {isa = PBXBuildFile; fileRef = CB034D38261C5824002DEDDC /* Bandwidth.swift */; };
		CB034D3B261C598D002DEDDC /* BuildStatus.swift in Sources */ = {isa = PBXBuildFile; fileRef = CB034D3A261C598D002DEDDC /* BuildStatus.swift */; };
		CB056F5125FE237700E3BD14 /* String.swift in Sources */ = {isa = PBXBuildFile; fileRef = CB056F5025FE237700E3BD14 /* String.swift */; };
		CB13AC6525F9E4D200922A03 /* RootView.swift in Sources */ = {isa = PBXBuildFile; fileRef = CB13AC6425F9E4D200922A03 /* RootView.swift */; };
		CB2B96852605BC2300B4A572 /* MarkdownUI in Frameworks */ = {isa = PBXBuildFile; productRef = CB2B96842605BC2300B4A572 /* MarkdownUI */; };
		CB328C1D25F0DC4000D0C3A8 /* SiteItems.swift in Sources */ = {isa = PBXBuildFile; fileRef = CB328C1C25F0DC4000D0C3A8 /* SiteItems.swift */; };
		CB328C1F25F1055700D0C3A8 /* Deploy.swift in Sources */ = {isa = PBXBuildFile; fileRef = CB328C1E25F1055700D0C3A8 /* Deploy.swift */; };
		CB328C2125F10F9500D0C3A8 /* SiteDetails.swift in Sources */ = {isa = PBXBuildFile; fileRef = CB328C2025F10F9500D0C3A8 /* SiteDetails.swift */; };
		CB328C2425F112F400D0C3A8 /* BetterSafariView in Frameworks */ = {isa = PBXBuildFile; productRef = CB328C2325F112F400D0C3A8 /* BetterSafariView */; };
		CB3BB8BB25F08D5600C3EB83 /* SessionStore.swift in Sources */ = {isa = PBXBuildFile; fileRef = CB3BB8BA25F08D5600C3EB83 /* SessionStore.swift */; };
		CB3BB8BD25F093EC00C3EB83 /* User.swift in Sources */ = {isa = PBXBuildFile; fileRef = CB3BB8BC25F093EC00C3EB83 /* User.swift */; };
		CB3BB8BF25F09BD600C3EB83 /* Site.swift in Sources */ = {isa = PBXBuildFile; fileRef = CB3BB8BE25F09BD600C3EB83 /* Site.swift */; };
		CB3BB8C125F0A20C00C3EB83 /* LoadingView.swift in Sources */ = {isa = PBXBuildFile; fileRef = CB3BB8C025F0A20C00C3EB83 /* LoadingView.swift */; };
		CB4D29BC25FB77C40077293D /* DeployDetails.swift in Sources */ = {isa = PBXBuildFile; fileRef = CB4D29BB25FB77C40077293D /* DeployDetails.swift */; };
		CB4D29BE25FB85C20077293D /* FormItems.swift in Sources */ = {isa = PBXBuildFile; fileRef = CB4D29BD25FB85C20077293D /* FormItems.swift */; };
		CB4D29C125FB8DDC0077293D /* Localizable.strings in Resources */ = {isa = PBXBuildFile; fileRef = CB4D29C325FB8DDC0077293D /* Localizable.strings */; };
		CB5F6EDB261782350018C955 /* Int.swift in Sources */ = {isa = PBXBuildFile; fileRef = CB5F6EDA261782350018C955 /* Int.swift */; };
		CB5F6EE026198F200018C955 /* EnvView.swift in Sources */ = {isa = PBXBuildFile; fileRef = CB5F6EDF26198F200018C955 /* EnvView.swift */; };
		CB601D212600949F0072813D /* SummaryItems.swift in Sources */ = {isa = PBXBuildFile; fileRef = CB601D202600949F0072813D /* SummaryItems.swift */; };
		CB601D232600A1700072813D /* Date.swift in Sources */ = {isa = PBXBuildFile; fileRef = CB601D222600A1700072813D /* Date.swift */; };
		CB67B4F325F0DB6A003E07A9 /* Kingfisher in Frameworks */ = {isa = PBXBuildFile; productRef = CB67B4F225F0DB6A003E07A9 /* Kingfisher */; };
		CB99367325FBE53700A73A36 /* Log.swift in Sources */ = {isa = PBXBuildFile; fileRef = CB99367225FBE53700A73A36 /* Log.swift */; };
		CB9C00F625F8E51A0030F139 /* DeploysList.swift in Sources */ = {isa = PBXBuildFile; fileRef = CB9C00F525F8E51A0030F139 /* DeploysList.swift */; };
		CB9EEA9B26021C9100368407 /* LogFile.swift in Sources */ = {isa = PBXBuildFile; fileRef = CB9EEA9A26021C9100368407 /* LogFile.swift */; };
		CBB6348A2614861300B4D22F /* Team.swift in Sources */ = {isa = PBXBuildFile; fileRef = CBB634892614861300B4D22F /* Team.swift */; };
		CBB6348D2614A88300B4D22F /* TeamItems.swift in Sources */ = {isa = PBXBuildFile; fileRef = CBB6348C2614A88300B4D22F /* TeamItems.swift */; };
		CBB6348F2614A8EE00B4D22F /* TeamDetails.swift in Sources */ = {isa = PBXBuildFile; fileRef = CBB6348E2614A8EE00B4D22F /* TeamDetails.swift */; };
		CBD7FCDB25FC8CA50091E984 /* LogView.swift in Sources */ = {isa = PBXBuildFile; fileRef = CBD7FCDA25FC8CA50091E984 /* LogView.swift */; };
		CBD7FCDD25FC8EDE0091E984 /* LogItems.swift in Sources */ = {isa = PBXBuildFile; fileRef = CBD7FCDC25FC8EDE0091E984 /* LogItems.swift */; };
		CBD9800225EFC42800CAAAAD /* NetliphyApp.swift in Sources */ = {isa = PBXBuildFile; fileRef = CBD9800125EFC42800CAAAAD /* NetliphyApp.swift */; };
		CBD9800425EFC42800CAAAAD /* SitesView.swift in Sources */ = {isa = PBXBuildFile; fileRef = CBD9800325EFC42800CAAAAD /* SitesView.swift */; };
		CBD9800625EFC42A00CAAAAD /* Assets.xcassets in Resources */ = {isa = PBXBuildFile; fileRef = CBD9800525EFC42A00CAAAAD /* Assets.xcassets */; };
		CBD9800925EFC42A00CAAAAD /* Preview Assets.xcassets in Resources */ = {isa = PBXBuildFile; fileRef = CBD9800825EFC42A00CAAAAD /* Preview Assets.xcassets */; };
		CBD9801125EFC65A00CAAAAD /* API.swift in Sources */ = {isa = PBXBuildFile; fileRef = CBD9801025EFC65A00CAAAAD /* API.swift */; };
		CBD9801325EFC6AD00CAAAAD /* Enum.swift in Sources */ = {isa = PBXBuildFile; fileRef = CBD9801225EFC6AD00CAAAAD /* Enum.swift */; };
		CBD9801525EFC70100CAAAAD /* URL.swift in Sources */ = {isa = PBXBuildFile; fileRef = CBD9801425EFC70100CAAAAD /* URL.swift */; };
		CBEA7D4425F20D7B006902F3 /* LoginView.swift in Sources */ = {isa = PBXBuildFile; fileRef = CBEA7D4325F20D7B006902F3 /* LoginView.swift */; };
		CBEF34FC2607B556002B7210 /* PluginsView.swift in Sources */ = {isa = PBXBuildFile; fileRef = CBEF34FB2607B556002B7210 /* PluginsView.swift */; };
		CBEFCFDD2604884500B5D969 /* Alert.swift in Sources */ = {isa = PBXBuildFile; fileRef = CBEFCFDC2604884500B5D969 /* Alert.swift */; };
		CBFC59BC25F3338500F7C11F /* CustomButtonStyle.swift in Sources */ = {isa = PBXBuildFile; fileRef = CBFC59BB25F3338500F7C11F /* CustomButtonStyle.swift */; };
		CBFC59C025F3597300F7C11F /* DeployItems.swift in Sources */ = {isa = PBXBuildFile; fileRef = CBFC59BF25F3597300F7C11F /* DeployItems.swift */; };
/* End PBXBuildFile section */

/* Begin PBXFileReference section */
		CB023FD225F38365009DEDCF /* CodableUserDefaults.swift */ = {isa = PBXFileReference; lastKnownFileType = sourcecode.swift; path = CodableUserDefaults.swift; sourceTree = "<group>"; };
		CB023FD525F38BA5009DEDCF /* ProfileView.swift */ = {isa = PBXFileReference; lastKnownFileType = sourcecode.swift; path = ProfileView.swift; sourceTree = "<group>"; };
		CB034D36261AE942002DEDDC /* ExitButtonView.swift */ = {isa = PBXFileReference; lastKnownFileType = sourcecode.swift; path = ExitButtonView.swift; sourceTree = "<group>"; };
		CB034D38261C5824002DEDDC /* Bandwidth.swift */ = {isa = PBXFileReference; lastKnownFileType = sourcecode.swift; path = Bandwidth.swift; sourceTree = "<group>"; };
		CB034D3A261C598D002DEDDC /* BuildStatus.swift */ = {isa = PBXFileReference; lastKnownFileType = sourcecode.swift; path = BuildStatus.swift; sourceTree = "<group>"; };
		CB056F5025FE237700E3BD14 /* String.swift */ = {isa = PBXFileReference; lastKnownFileType = sourcecode.swift; path = String.swift; sourceTree = "<group>"; };
		CB13AC6425F9E4D200922A03 /* RootView.swift */ = {isa = PBXFileReference; lastKnownFileType = sourcecode.swift; path = RootView.swift; sourceTree = "<group>"; };
		CB328C1C25F0DC4000D0C3A8 /* SiteItems.swift */ = {isa = PBXFileReference; lastKnownFileType = sourcecode.swift; path = SiteItems.swift; sourceTree = "<group>"; };
		CB328C1E25F1055700D0C3A8 /* Deploy.swift */ = {isa = PBXFileReference; lastKnownFileType = sourcecode.swift; path = Deploy.swift; sourceTree = "<group>"; };
		CB328C2025F10F9500D0C3A8 /* SiteDetails.swift */ = {isa = PBXFileReference; lastKnownFileType = sourcecode.swift; path = SiteDetails.swift; sourceTree = "<group>"; };
		CB3BB8BA25F08D5600C3EB83 /* SessionStore.swift */ = {isa = PBXFileReference; lastKnownFileType = sourcecode.swift; path = SessionStore.swift; sourceTree = "<group>"; };
		CB3BB8BC25F093EC00C3EB83 /* User.swift */ = {isa = PBXFileReference; lastKnownFileType = sourcecode.swift; path = User.swift; sourceTree = "<group>"; };
		CB3BB8BE25F09BD600C3EB83 /* Site.swift */ = {isa = PBXFileReference; lastKnownFileType = sourcecode.swift; path = Site.swift; sourceTree = "<group>"; };
		CB3BB8C025F0A20C00C3EB83 /* LoadingView.swift */ = {isa = PBXFileReference; lastKnownFileType = sourcecode.swift; path = LoadingView.swift; sourceTree = "<group>"; };
		CB4D29BB25FB77C40077293D /* DeployDetails.swift */ = {isa = PBXFileReference; lastKnownFileType = sourcecode.swift; path = DeployDetails.swift; sourceTree = "<group>"; };
		CB4D29BD25FB85C20077293D /* FormItems.swift */ = {isa = PBXFileReference; lastKnownFileType = sourcecode.swift; path = FormItems.swift; sourceTree = "<group>"; };
		CB4D29C225FB8DDC0077293D /* en */ = {isa = PBXFileReference; lastKnownFileType = text.plist.strings; name = en; path = en.lproj/Localizable.strings; sourceTree = "<group>"; };
		CB4D29C425FB8DDE0077293D /* ru */ = {isa = PBXFileReference; lastKnownFileType = text.plist.strings; name = ru; path = ru.lproj/Localizable.strings; sourceTree = "<group>"; };
		CB5F6EDA261782350018C955 /* Int.swift */ = {isa = PBXFileReference; lastKnownFileType = sourcecode.swift; path = Int.swift; sourceTree = "<group>"; };
		CB5F6EDF26198F200018C955 /* EnvView.swift */ = {isa = PBXFileReference; lastKnownFileType = sourcecode.swift; path = EnvView.swift; sourceTree = "<group>"; };
		CB601D202600949F0072813D /* SummaryItems.swift */ = {isa = PBXFileReference; lastKnownFileType = sourcecode.swift; path = SummaryItems.swift; sourceTree = "<group>"; };
		CB601D222600A1700072813D /* Date.swift */ = {isa = PBXFileReference; lastKnownFileType = sourcecode.swift; path = Date.swift; sourceTree = "<group>"; };
		CB99367225FBE53700A73A36 /* Log.swift */ = {isa = PBXFileReference; lastKnownFileType = sourcecode.swift; path = Log.swift; sourceTree = "<group>"; };
		CB9C00F525F8E51A0030F139 /* DeploysList.swift */ = {isa = PBXFileReference; lastKnownFileType = sourcecode.swift; path = DeploysList.swift; sourceTree = "<group>"; };
		CB9EEA9A26021C9100368407 /* LogFile.swift */ = {isa = PBXFileReference; lastKnownFileType = sourcecode.swift; path = LogFile.swift; sourceTree = "<group>"; };
		CBB634892614861300B4D22F /* Team.swift */ = {isa = PBXFileReference; lastKnownFileType = sourcecode.swift; path = Team.swift; sourceTree = "<group>"; };
		CBB6348C2614A88300B4D22F /* TeamItems.swift */ = {isa = PBXFileReference; lastKnownFileType = sourcecode.swift; path = TeamItems.swift; sourceTree = "<group>"; };
		CBB6348E2614A8EE00B4D22F /* TeamDetails.swift */ = {isa = PBXFileReference; lastKnownFileType = sourcecode.swift; path = TeamDetails.swift; sourceTree = "<group>"; };
		CBC4A4D72604F687003FA0EE /* Netliphy.entitlements */ = {isa = PBXFileReference; fileEncoding = 4; lastKnownFileType = text.plist.entitlements; path = Netliphy.entitlements; sourceTree = "<group>"; };
		CBD7FCDA25FC8CA50091E984 /* LogView.swift */ = {isa = PBXFileReference; lastKnownFileType = sourcecode.swift; path = LogView.swift; sourceTree = "<group>"; };
		CBD7FCDC25FC8EDE0091E984 /* LogItems.swift */ = {isa = PBXFileReference; lastKnownFileType = sourcecode.swift; path = LogItems.swift; sourceTree = "<group>"; };
		CBD97FFE25EFC42800CAAAAD /* Netliphy.app */ = {isa = PBXFileReference; explicitFileType = wrapper.application; includeInIndex = 0; path = Netliphy.app; sourceTree = BUILT_PRODUCTS_DIR; };
		CBD9800125EFC42800CAAAAD /* NetliphyApp.swift */ = {isa = PBXFileReference; lastKnownFileType = sourcecode.swift; path = NetliphyApp.swift; sourceTree = "<group>"; };
		CBD9800325EFC42800CAAAAD /* SitesView.swift */ = {isa = PBXFileReference; lastKnownFileType = sourcecode.swift; path = SitesView.swift; sourceTree = "<group>"; };
		CBD9800525EFC42A00CAAAAD /* Assets.xcassets */ = {isa = PBXFileReference; lastKnownFileType = folder.assetcatalog; path = Assets.xcassets; sourceTree = "<group>"; };
		CBD9800825EFC42A00CAAAAD /* Preview Assets.xcassets */ = {isa = PBXFileReference; lastKnownFileType = folder.assetcatalog; path = "Preview Assets.xcassets"; sourceTree = "<group>"; };
		CBD9800A25EFC42A00CAAAAD /* Info.plist */ = {isa = PBXFileReference; lastKnownFileType = text.plist.xml; path = Info.plist; sourceTree = "<group>"; };
		CBD9801025EFC65A00CAAAAD /* API.swift */ = {isa = PBXFileReference; lastKnownFileType = sourcecode.swift; path = API.swift; sourceTree = "<group>"; };
		CBD9801225EFC6AD00CAAAAD /* Enum.swift */ = {isa = PBXFileReference; lastKnownFileType = sourcecode.swift; path = Enum.swift; sourceTree = "<group>"; };
		CBD9801425EFC70100CAAAAD /* URL.swift */ = {isa = PBXFileReference; lastKnownFileType = sourcecode.swift; path = URL.swift; sourceTree = "<group>"; };
		CBEA7D4325F20D7B006902F3 /* LoginView.swift */ = {isa = PBXFileReference; lastKnownFileType = sourcecode.swift; path = LoginView.swift; sourceTree = "<group>"; };
		CBEF34FB2607B556002B7210 /* PluginsView.swift */ = {isa = PBXFileReference; lastKnownFileType = sourcecode.swift; path = PluginsView.swift; sourceTree = "<group>"; };
		CBEFCFDC2604884500B5D969 /* Alert.swift */ = {isa = PBXFileReference; lastKnownFileType = sourcecode.swift; path = Alert.swift; sourceTree = "<group>"; };
		CBFC59BB25F3338500F7C11F /* CustomButtonStyle.swift */ = {isa = PBXFileReference; lastKnownFileType = sourcecode.swift; path = CustomButtonStyle.swift; sourceTree = "<group>"; };
		CBFC59BF25F3597300F7C11F /* DeployItems.swift */ = {isa = PBXFileReference; lastKnownFileType = sourcecode.swift; path = DeployItems.swift; sourceTree = "<group>"; };
/* End PBXFileReference section */

/* Begin PBXFrameworksBuildPhase section */
		CBD97FFB25EFC42800CAAAAD /* Frameworks */ = {
			isa = PBXFrameworksBuildPhase;
			buildActionMask = 2147483647;
			files = (
				CB2B96852605BC2300B4A572 /* MarkdownUI in Frameworks */,
				CB67B4F325F0DB6A003E07A9 /* Kingfisher in Frameworks */,
				CB328C2425F112F400D0C3A8 /* BetterSafariView in Frameworks */,
			);
			runOnlyForDeploymentPostprocessing = 0;
		};
/* End PBXFrameworksBuildPhase section */

/* Begin PBXGroup section */
		CB023FD425F389B1009DEDCF /* Model */ = {
			isa = PBXGroup;
			children = (
				CB3BB8BC25F093EC00C3EB83 /* User.swift */,
				CB3BB8BE25F09BD600C3EB83 /* Site.swift */,
				CB328C1E25F1055700D0C3A8 /* Deploy.swift */,
				CBB634892614861300B4D22F /* Team.swift */,
				CB99367225FBE53700A73A36 /* Log.swift */,
				CB034D38261C5824002DEDDC /* Bandwidth.swift */,
				CB034D3A261C598D002DEDDC /* BuildStatus.swift */,
			);
			path = Model;
			sourceTree = "<group>";
		};
		CB5F6EDC261782AD0018C955 /* Extension */ = {
			isa = PBXGroup;
			children = (
				CBD9801425EFC70100CAAAAD /* URL.swift */,
				CB056F5025FE237700E3BD14 /* String.swift */,
				CB601D222600A1700072813D /* Date.swift */,
				CB5F6EDA261782350018C955 /* Int.swift */,
			);
			path = Extension;
			sourceTree = "<group>";
		};
		CBB6348B2614A86700B4D22F /* Team */ = {
			isa = PBXGroup;
			children = (
				CBB6348C2614A88300B4D22F /* TeamItems.swift */,
				CBB6348E2614A8EE00B4D22F /* TeamDetails.swift */,
			);
			path = Team;
			sourceTree = "<group>";
		};
		CBD7FCDE25FC93070091E984 /* Site */ = {
			isa = PBXGroup;
			children = (
				CBD9800325EFC42800CAAAAD /* SitesView.swift */,
				CB328C2025F10F9500D0C3A8 /* SiteDetails.swift */,
				CB328C1C25F0DC4000D0C3A8 /* SiteItems.swift */,
				CBEF34FB2607B556002B7210 /* PluginsView.swift */,
				CB5F6EDF26198F200018C955 /* EnvView.swift */,
			);
			path = Site;
			sourceTree = "<group>";
		};
		CBD7FCDF25FC93820091E984 /* Deploy */ = {
			isa = PBXGroup;
			children = (
				CB9C00F525F8E51A0030F139 /* DeploysList.swift */,
				CBFC59BF25F3597300F7C11F /* DeployItems.swift */,
				CB4D29BB25FB77C40077293D /* DeployDetails.swift */,
				CB601D202600949F0072813D /* SummaryItems.swift */,
			);
			path = Deploy;
			sourceTree = "<group>";
		};
		CBD7FCE025FC93AD0091E984 /* Log */ = {
			isa = PBXGroup;
			children = (
				CBD7FCDC25FC8EDE0091E984 /* LogItems.swift */,
				CBD7FCDA25FC8CA50091E984 /* LogView.swift */,
				CB9EEA9A26021C9100368407 /* LogFile.swift */,
			);
			path = Log;
			sourceTree = "<group>";
		};
		CBD97FF525EFC42800CAAAAD = {
			isa = PBXGroup;
			children = (
				CBD9800025EFC42800CAAAAD /* Shared */,
				CBD97FFF25EFC42800CAAAAD /* Products */,
			);
			sourceTree = "<group>";
		};
		CBD97FFF25EFC42800CAAAAD /* Products */ = {
			isa = PBXGroup;
			children = (
				CBD97FFE25EFC42800CAAAAD /* Netliphy.app */,
			);
			name = Products;
			sourceTree = "<group>";
		};
		CBD9800025EFC42800CAAAAD /* Shared */ = {
			isa = PBXGroup;
			children = (
				CB5F6EDC261782AD0018C955 /* Extension */,
				CBB6348B2614A86700B4D22F /* Team */,
				CBD7FCE025FC93AD0091E984 /* Log */,
				CBD7FCDF25FC93820091E984 /* Deploy */,
				CBD7FCDE25FC93070091E984 /* Site */,
				CB023FD425F389B1009DEDCF /* Model */,
				CBD9800125EFC42800CAAAAD /* NetliphyApp.swift */,
				CB13AC6425F9E4D200922A03 /* RootView.swift */,
				CB034D36261AE942002DEDDC /* ExitButtonView.swift */,
				CBEA7D4325F20D7B006902F3 /* LoginView.swift */,
				CBFC59BB25F3338500F7C11F /* CustomButtonStyle.swift */,
				CB023FD525F38BA5009DEDCF /* ProfileView.swift */,
				CB4D29BD25FB85C20077293D /* FormItems.swift */,
				CBD9801025EFC65A00CAAAAD /* API.swift */,
				CB3BB8BA25F08D5600C3EB83 /* SessionStore.swift */,
				CB3BB8C025F0A20C00C3EB83 /* LoadingView.swift */,
				CBD9801225EFC6AD00CAAAAD /* Enum.swift */,
				CB023FD225F38365009DEDCF /* CodableUserDefaults.swift */,
				CBEFCFDC2604884500B5D969 /* Alert.swift */,
				CBD9800525EFC42A00CAAAAD /* Assets.xcassets */,
				CBD9800A25EFC42A00CAAAAD /* Info.plist */,
				CBC4A4D72604F687003FA0EE /* Netliphy.entitlements */,
				CB4D29C325FB8DDC0077293D /* Localizable.strings */,
				CBD9800725EFC42A00CAAAAD /* Preview Content */,
			);
			path = Shared;
			sourceTree = "<group>";
		};
		CBD9800725EFC42A00CAAAAD /* Preview Content */ = {
			isa = PBXGroup;
			children = (
				CBD9800825EFC42A00CAAAAD /* Preview Assets.xcassets */,
			);
			path = "Preview Content";
			sourceTree = "<group>";
		};
/* End PBXGroup section */

/* Begin PBXNativeTarget section */
		CBD97FFD25EFC42800CAAAAD /* Netliphy */ = {
			isa = PBXNativeTarget;
			buildConfigurationList = CBD9800D25EFC42A00CAAAAD /* Build configuration list for PBXNativeTarget "Netliphy" */;
			buildPhases = (
				CBD97FFA25EFC42800CAAAAD /* Sources */,
				CBD97FFB25EFC42800CAAAAD /* Frameworks */,
				CBD97FFC25EFC42800CAAAAD /* Resources */,
			);
			buildRules = (
			);
			dependencies = (
			);
			name = Netliphy;
			packageProductDependencies = (
				CB67B4F225F0DB6A003E07A9 /* Kingfisher */,
				CB328C2325F112F400D0C3A8 /* BetterSafariView */,
				CB2B96842605BC2300B4A572 /* MarkdownUI */,
			);
			productName = NetlifyApp;
			productReference = CBD97FFE25EFC42800CAAAAD /* Netliphy.app */;
			productType = "com.apple.product-type.application";
		};
/* End PBXNativeTarget section */

/* Begin PBXProject section */
		CBD97FF625EFC42800CAAAAD /* Project object */ = {
			isa = PBXProject;
			attributes = {
				LastSwiftUpdateCheck = 1250;
				LastUpgradeCheck = 1250;
				TargetAttributes = {
					CBD97FFD25EFC42800CAAAAD = {
						CreatedOnToolsVersion = 12.5;
					};
				};
			};
			buildConfigurationList = CBD97FF925EFC42800CAAAAD /* Build configuration list for PBXProject "Netliphy" */;
			compatibilityVersion = "Xcode 12.0";
			developmentRegion = en;
			hasScannedForEncodings = 0;
			knownRegions = (
				en,
				Base,
				ru,
			);
			mainGroup = CBD97FF525EFC42800CAAAAD;
			packageReferences = (
				CB67B4F125F0DB6A003E07A9 /* XCRemoteSwiftPackageReference "Kingfisher" */,
				CB328C2225F112F400D0C3A8 /* XCRemoteSwiftPackageReference "BetterSafariView" */,
				CB2B96832605BC2300B4A572 /* XCRemoteSwiftPackageReference "MarkdownUI" */,
			);
			productRefGroup = CBD97FFF25EFC42800CAAAAD /* Products */;
			projectDirPath = "";
			projectRoot = "";
			targets = (
				CBD97FFD25EFC42800CAAAAD /* Netliphy */,
			);
		};
/* End PBXProject section */

/* Begin PBXResourcesBuildPhase section */
		CBD97FFC25EFC42800CAAAAD /* Resources */ = {
			isa = PBXResourcesBuildPhase;
			buildActionMask = 2147483647;
			files = (
				CBD9800925EFC42A00CAAAAD /* Preview Assets.xcassets in Resources */,
				CB4D29C125FB8DDC0077293D /* Localizable.strings in Resources */,
				CBD9800625EFC42A00CAAAAD /* Assets.xcassets in Resources */,
			);
			runOnlyForDeploymentPostprocessing = 0;
		};
/* End PBXResourcesBuildPhase section */

/* Begin PBXSourcesBuildPhase section */
		CBD97FFA25EFC42800CAAAAD /* Sources */ = {
			isa = PBXSourcesBuildPhase;
			buildActionMask = 2147483647;
			files = (
				CB3BB8BF25F09BD600C3EB83 /* Site.swift in Sources */,
				CB601D212600949F0072813D /* SummaryItems.swift in Sources */,
				CB4D29BC25FB77C40077293D /* DeployDetails.swift in Sources */,
				CB3BB8BD25F093EC00C3EB83 /* User.swift in Sources */,
				CB056F5125FE237700E3BD14 /* String.swift in Sources */,
				CB601D232600A1700072813D /* Date.swift in Sources */,
				CB9EEA9B26021C9100368407 /* LogFile.swift in Sources */,
				CBD9801525EFC70100CAAAAD /* URL.swift in Sources */,
				CB034D37261AE942002DEDDC /* ExitButtonView.swift in Sources */,
				CB328C2125F10F9500D0C3A8 /* SiteDetails.swift in Sources */,
				CBEF34FC2607B556002B7210 /* PluginsView.swift in Sources */,
				CB13AC6525F9E4D200922A03 /* RootView.swift in Sources */,
				CB034D39261C5824002DEDDC /* Bandwidth.swift in Sources */,
				CBD9800425EFC42800CAAAAD /* SitesView.swift in Sources */,
				CB023FD325F38365009DEDCF /* CodableUserDefaults.swift in Sources */,
				CB3BB8BB25F08D5600C3EB83 /* SessionStore.swift in Sources */,
				CBD9801125EFC65A00CAAAAD /* API.swift in Sources */,
				CB034D3B261C598D002DEDDC /* BuildStatus.swift in Sources */,
				CBD9801325EFC6AD00CAAAAD /* Enum.swift in Sources */,
				CB4D29BE25FB85C20077293D /* FormItems.swift in Sources */,
				CB99367325FBE53700A73A36 /* Log.swift in Sources */,
				CB5F6EE026198F200018C955 /* EnvView.swift in Sources */,
				CB023FD625F38BA5009DEDCF /* ProfileView.swift in Sources */,
				CB5F6EDB261782350018C955 /* Int.swift in Sources */,
				CBB6348D2614A88300B4D22F /* TeamItems.swift in Sources */,
				CBD9800225EFC42800CAAAAD /* NetliphyApp.swift in Sources */,
				CB9C00F625F8E51A0030F139 /* DeploysList.swift in Sources */,
				CBB6348A2614861300B4D22F /* Team.swift in Sources */,
				CBD7FCDB25FC8CA50091E984 /* LogView.swift in Sources */,
				CB3BB8C125F0A20C00C3EB83 /* LoadingView.swift in Sources */,
				CBEFCFDD2604884500B5D969 /* Alert.swift in Sources */,
				CBFC59C025F3597300F7C11F /* DeployItems.swift in Sources */,
				CBD7FCDD25FC8EDE0091E984 /* LogItems.swift in Sources */,
				CBB6348F2614A8EE00B4D22F /* TeamDetails.swift in Sources */,
				CBEA7D4425F20D7B006902F3 /* LoginView.swift in Sources */,
				CB328C1D25F0DC4000D0C3A8 /* SiteItems.swift in Sources */,
				CBFC59BC25F3338500F7C11F /* CustomButtonStyle.swift in Sources */,
				CB328C1F25F1055700D0C3A8 /* Deploy.swift in Sources */,
			);
			runOnlyForDeploymentPostprocessing = 0;
		};
/* End PBXSourcesBuildPhase section */

/* Begin PBXVariantGroup section */
		CB4D29C325FB8DDC0077293D /* Localizable.strings */ = {
			isa = PBXVariantGroup;
			children = (
				CB4D29C225FB8DDC0077293D /* en */,
				CB4D29C425FB8DDE0077293D /* ru */,
			);
			name = Localizable.strings;
			sourceTree = "<group>";
		};
/* End PBXVariantGroup section */

/* Begin XCBuildConfiguration section */
		CBD9800B25EFC42A00CAAAAD /* Debug */ = {
			isa = XCBuildConfiguration;
			buildSettings = {
				ALWAYS_SEARCH_USER_PATHS = NO;
				CLANG_ANALYZER_LOCALIZABILITY_NONLOCALIZED = YES;
				CLANG_ANALYZER_NONNULL = YES;
				CLANG_ANALYZER_NUMBER_OBJECT_CONVERSION = YES_AGGRESSIVE;
				CLANG_CXX_LANGUAGE_STANDARD = "gnu++14";
				CLANG_CXX_LIBRARY = "libc++";
				CLANG_ENABLE_MODULES = YES;
				CLANG_ENABLE_OBJC_ARC = YES;
				CLANG_ENABLE_OBJC_WEAK = YES;
				CLANG_WARN_BLOCK_CAPTURE_AUTORELEASING = YES;
				CLANG_WARN_BOOL_CONVERSION = YES;
				CLANG_WARN_COMMA = YES;
				CLANG_WARN_CONSTANT_CONVERSION = YES;
				CLANG_WARN_DEPRECATED_OBJC_IMPLEMENTATIONS = YES;
				CLANG_WARN_DIRECT_OBJC_ISA_USAGE = YES_ERROR;
				CLANG_WARN_DOCUMENTATION_COMMENTS = YES;
				CLANG_WARN_EMPTY_BODY = YES;
				CLANG_WARN_ENUM_CONVERSION = YES;
				CLANG_WARN_INFINITE_RECURSION = YES;
				CLANG_WARN_INT_CONVERSION = YES;
				CLANG_WARN_NON_LITERAL_NULL_CONVERSION = YES;
				CLANG_WARN_OBJC_IMPLICIT_RETAIN_SELF = YES;
				CLANG_WARN_OBJC_LITERAL_CONVERSION = YES;
				CLANG_WARN_OBJC_ROOT_CLASS = YES_ERROR;
				CLANG_WARN_QUOTED_INCLUDE_IN_FRAMEWORK_HEADER = YES;
				CLANG_WARN_RANGE_LOOP_ANALYSIS = YES;
				CLANG_WARN_STRICT_PROTOTYPES = YES;
				CLANG_WARN_SUSPICIOUS_MOVE = YES;
				CLANG_WARN_UNGUARDED_AVAILABILITY = YES_AGGRESSIVE;
				CLANG_WARN_UNREACHABLE_CODE = YES;
				CLANG_WARN__DUPLICATE_METHOD_MATCH = YES;
				COPY_PHASE_STRIP = NO;
				DEBUG_INFORMATION_FORMAT = dwarf;
				ENABLE_STRICT_OBJC_MSGSEND = YES;
				ENABLE_TESTABILITY = YES;
				GCC_C_LANGUAGE_STANDARD = gnu11;
				GCC_DYNAMIC_NO_PIC = NO;
				GCC_NO_COMMON_BLOCKS = YES;
				GCC_OPTIMIZATION_LEVEL = 0;
				GCC_PREPROCESSOR_DEFINITIONS = (
					"DEBUG=1",
					"$(inherited)",
				);
				GCC_WARN_64_TO_32_BIT_CONVERSION = YES;
				GCC_WARN_ABOUT_RETURN_TYPE = YES_ERROR;
				GCC_WARN_UNDECLARED_SELECTOR = YES;
				GCC_WARN_UNINITIALIZED_AUTOS = YES_AGGRESSIVE;
				GCC_WARN_UNUSED_FUNCTION = YES;
				GCC_WARN_UNUSED_VARIABLE = YES;
				IPHONEOS_DEPLOYMENT_TARGET = 14.4;
				MTL_ENABLE_DEBUG_INFO = INCLUDE_SOURCE;
				MTL_FAST_MATH = YES;
				ONLY_ACTIVE_ARCH = YES;
				SDKROOT = iphoneos;
				SWIFT_ACTIVE_COMPILATION_CONDITIONS = DEBUG;
				SWIFT_OPTIMIZATION_LEVEL = "-Onone";
			};
			name = Debug;
		};
		CBD9800C25EFC42A00CAAAAD /* Release */ = {
			isa = XCBuildConfiguration;
			buildSettings = {
				ALWAYS_SEARCH_USER_PATHS = NO;
				CLANG_ANALYZER_LOCALIZABILITY_NONLOCALIZED = YES;
				CLANG_ANALYZER_NONNULL = YES;
				CLANG_ANALYZER_NUMBER_OBJECT_CONVERSION = YES_AGGRESSIVE;
				CLANG_CXX_LANGUAGE_STANDARD = "gnu++14";
				CLANG_CXX_LIBRARY = "libc++";
				CLANG_ENABLE_MODULES = YES;
				CLANG_ENABLE_OBJC_ARC = YES;
				CLANG_ENABLE_OBJC_WEAK = YES;
				CLANG_WARN_BLOCK_CAPTURE_AUTORELEASING = YES;
				CLANG_WARN_BOOL_CONVERSION = YES;
				CLANG_WARN_COMMA = YES;
				CLANG_WARN_CONSTANT_CONVERSION = YES;
				CLANG_WARN_DEPRECATED_OBJC_IMPLEMENTATIONS = YES;
				CLANG_WARN_DIRECT_OBJC_ISA_USAGE = YES_ERROR;
				CLANG_WARN_DOCUMENTATION_COMMENTS = YES;
				CLANG_WARN_EMPTY_BODY = YES;
				CLANG_WARN_ENUM_CONVERSION = YES;
				CLANG_WARN_INFINITE_RECURSION = YES;
				CLANG_WARN_INT_CONVERSION = YES;
				CLANG_WARN_NON_LITERAL_NULL_CONVERSION = YES;
				CLANG_WARN_OBJC_IMPLICIT_RETAIN_SELF = YES;
				CLANG_WARN_OBJC_LITERAL_CONVERSION = YES;
				CLANG_WARN_OBJC_ROOT_CLASS = YES_ERROR;
				CLANG_WARN_QUOTED_INCLUDE_IN_FRAMEWORK_HEADER = YES;
				CLANG_WARN_RANGE_LOOP_ANALYSIS = YES;
				CLANG_WARN_STRICT_PROTOTYPES = YES;
				CLANG_WARN_SUSPICIOUS_MOVE = YES;
				CLANG_WARN_UNGUARDED_AVAILABILITY = YES_AGGRESSIVE;
				CLANG_WARN_UNREACHABLE_CODE = YES;
				CLANG_WARN__DUPLICATE_METHOD_MATCH = YES;
				COPY_PHASE_STRIP = NO;
				DEBUG_INFORMATION_FORMAT = "dwarf-with-dsym";
				ENABLE_NS_ASSERTIONS = NO;
				ENABLE_STRICT_OBJC_MSGSEND = YES;
				GCC_C_LANGUAGE_STANDARD = gnu11;
				GCC_NO_COMMON_BLOCKS = YES;
				GCC_WARN_64_TO_32_BIT_CONVERSION = YES;
				GCC_WARN_ABOUT_RETURN_TYPE = YES_ERROR;
				GCC_WARN_UNDECLARED_SELECTOR = YES;
				GCC_WARN_UNINITIALIZED_AUTOS = YES_AGGRESSIVE;
				GCC_WARN_UNUSED_FUNCTION = YES;
				GCC_WARN_UNUSED_VARIABLE = YES;
				IPHONEOS_DEPLOYMENT_TARGET = 14.4;
				MTL_ENABLE_DEBUG_INFO = NO;
				MTL_FAST_MATH = YES;
				SDKROOT = iphoneos;
				SWIFT_COMPILATION_MODE = wholemodule;
				SWIFT_OPTIMIZATION_LEVEL = "-O";
				VALIDATE_PRODUCT = YES;
			};
			name = Release;
		};
		CBD9800E25EFC42A00CAAAAD /* Debug */ = {
			isa = XCBuildConfiguration;
			buildSettings = {
				ASSETCATALOG_COMPILER_APPICON_NAME = AppIcon;
				ASSETCATALOG_COMPILER_GLOBAL_ACCENT_COLOR_NAME = AccentColor;
				CODE_SIGN_ENTITLEMENTS = Shared/Netliphy.entitlements;
				CODE_SIGN_STYLE = Automatic;
				CURRENT_PROJECT_VERSION = 10;
				DEVELOPMENT_ASSET_PATHS = "\"Shared/Preview Content\"";
				DEVELOPMENT_TEAM = 48HFZR3X8K;
				ENABLE_PREVIEWS = YES;
				INFOPLIST_FILE = Shared/Info.plist;
				IPHONEOS_DEPLOYMENT_TARGET = 14.4;
				LD_RUNPATH_SEARCH_PATHS = (
					"$(inherited)",
					"@executable_path/Frameworks",
				);
				MARKETING_VERSION = 1.0.2;
				PRODUCT_BUNDLE_IDENTIFIER = com.darkfox.netliphy;
				PRODUCT_NAME = "$(TARGET_NAME)";
				SWIFT_VERSION = 5.0;
				TARGETED_DEVICE_FAMILY = "1,2";
			};
			name = Debug;
		};
		CBD9800F25EFC42A00CAAAAD /* Release */ = {
			isa = XCBuildConfiguration;
			buildSettings = {
				ASSETCATALOG_COMPILER_APPICON_NAME = AppIcon;
				ASSETCATALOG_COMPILER_GLOBAL_ACCENT_COLOR_NAME = AccentColor;
				CODE_SIGN_ENTITLEMENTS = Shared/Netliphy.entitlements;
				CODE_SIGN_STYLE = Automatic;
				CURRENT_PROJECT_VERSION = 10;
				DEVELOPMENT_ASSET_PATHS = "\"Shared/Preview Content\"";
				DEVELOPMENT_TEAM = 48HFZR3X8K;
				ENABLE_PREVIEWS = YES;
				INFOPLIST_FILE = Shared/Info.plist;
				IPHONEOS_DEPLOYMENT_TARGET = 14.4;
				LD_RUNPATH_SEARCH_PATHS = (
					"$(inherited)",
					"@executable_path/Frameworks",
				);
				MARKETING_VERSION = 1.0.2;
				PRODUCT_BUNDLE_IDENTIFIER = com.darkfox.netliphy;
				PRODUCT_NAME = "$(TARGET_NAME)";
				SWIFT_VERSION = 5.0;
				TARGETED_DEVICE_FAMILY = "1,2";
			};
			name = Release;
		};
/* End XCBuildConfiguration section */

/* Begin XCConfigurationList section */
		CBD97FF925EFC42800CAAAAD /* Build configuration list for PBXProject "Netliphy" */ = {
			isa = XCConfigurationList;
			buildConfigurations = (
				CBD9800B25EFC42A00CAAAAD /* Debug */,
				CBD9800C25EFC42A00CAAAAD /* Release */,
			);
			defaultConfigurationIsVisible = 0;
			defaultConfigurationName = Release;
		};
		CBD9800D25EFC42A00CAAAAD /* Build configuration list for PBXNativeTarget "Netliphy" */ = {
			isa = XCConfigurationList;
			buildConfigurations = (
				CBD9800E25EFC42A00CAAAAD /* Debug */,
				CBD9800F25EFC42A00CAAAAD /* Release */,
			);
			defaultConfigurationIsVisible = 0;
			defaultConfigurationName = Release;
		};
/* End XCConfigurationList section */

/* Begin XCRemoteSwiftPackageReference section */
		CB2B96832605BC2300B4A572 /* XCRemoteSwiftPackageReference "MarkdownUI" */ = {
			isa = XCRemoteSwiftPackageReference;
			repositoryURL = "https://github.com/gonzalezreal/MarkdownUI";
			requirement = {
				kind = upToNextMajorVersion;
				minimumVersion = 0.5.1;
			};
		};
		CB328C2225F112F400D0C3A8 /* XCRemoteSwiftPackageReference "BetterSafariView" */ = {
			isa = XCRemoteSwiftPackageReference;
			repositoryURL = "https://github.com/stleamist/BetterSafariView";
			requirement = {
				kind = upToNextMajorVersion;
				minimumVersion = 2.3.1;
			};
		};
		CB67B4F125F0DB6A003E07A9 /* XCRemoteSwiftPackageReference "Kingfisher" */ = {
			isa = XCRemoteSwiftPackageReference;
			repositoryURL = "https://github.com/onevcat/Kingfisher";
			requirement = {
				kind = upToNextMajorVersion;
				minimumVersion = 6.1.1;
			};
		};
/* End XCRemoteSwiftPackageReference section */

/* Begin XCSwiftPackageProductDependency section */
		CB2B96842605BC2300B4A572 /* MarkdownUI */ = {
			isa = XCSwiftPackageProductDependency;
			package = CB2B96832605BC2300B4A572 /* XCRemoteSwiftPackageReference "MarkdownUI" */;
			productName = MarkdownUI;
		};
		CB328C2325F112F400D0C3A8 /* BetterSafariView */ = {
			isa = XCSwiftPackageProductDependency;
			package = CB328C2225F112F400D0C3A8 /* XCRemoteSwiftPackageReference "BetterSafariView" */;
			productName = BetterSafariView;
		};
		CB67B4F225F0DB6A003E07A9 /* Kingfisher */ = {
			isa = XCSwiftPackageProductDependency;
			package = CB67B4F125F0DB6A003E07A9 /* XCRemoteSwiftPackageReference "Kingfisher" */;
			productName = Kingfisher;
		};
/* End XCSwiftPackageProductDependency section */
	};
	rootObject = CBD97FF625EFC42800CAAAAD /* Project object */;
}
