// !$*UTF8*$!
{
	archiveVersion = 1;
	classes = {
	};
	objectVersion = 54;
	objects = {

/* Begin PBXBuildFile section */
		CB023FD625F38BA5009DEDCF /* ProfileView.swift in Sources */ = {isa = PBXBuildFile; fileRef = CB023FD525F38BA5009DEDCF /* ProfileView.swift */; };
		CB034D37261AE942002DEDDC /* ExitButtonView.swift in Sources */ = {isa = PBXBuildFile; fileRef = CB034D36261AE942002DEDDC /* ExitButtonView.swift */; };
		CB034D39261C5824002DEDDC /* Bandwidth.swift in Sources */ = {isa = PBXBuildFile; fileRef = CB034D38261C5824002DEDDC /* Bandwidth.swift */; };
		CB034D3B261C598D002DEDDC /* BuildStatus.swift in Sources */ = {isa = PBXBuildFile; fileRef = CB034D3A261C598D002DEDDC /* BuildStatus.swift */; };
		CB034D6D262011CB002DEDDC /* News.swift in Sources */ = {isa = PBXBuildFile; fileRef = CB034D6C262011CB002DEDDC /* News.swift */; };
		CB034D6F26201233002DEDDC /* NewsView.swift in Sources */ = {isa = PBXBuildFile; fileRef = CB034D6E26201233002DEDDC /* NewsView.swift */; };
		CB056F5125FE237700E3BD14 /* String.swift in Sources */ = {isa = PBXBuildFile; fileRef = CB056F5025FE237700E3BD14 /* String.swift */; };
		CB09742F2626C5DF00DA55A4 /* NewsItems.swift in Sources */ = {isa = PBXBuildFile; fileRef = CB09742E2626C5DF00DA55A4 /* NewsItems.swift */; };
		CB0974342627EFF100DA55A4 /* Members.swift in Sources */ = {isa = PBXBuildFile; fileRef = CB0974332627EFF100DA55A4 /* Members.swift */; };
		CB13AC6525F9E4D200922A03 /* RootView.swift in Sources */ = {isa = PBXBuildFile; fileRef = CB13AC6425F9E4D200922A03 /* RootView.swift */; };
		CB2007BF262343E000603FF3 /* Submissions.swift in Sources */ = {isa = PBXBuildFile; fileRef = CB2007BE262343E000603FF3 /* Submissions.swift */; };
		CB2007C226234F0100603FF3 /* SubmissionsItems.swift in Sources */ = {isa = PBXBuildFile; fileRef = CB2007C126234F0100603FF3 /* SubmissionsItems.swift */; };
		CB2007C426240AE500603FF3 /* SiteForm.swift in Sources */ = {isa = PBXBuildFile; fileRef = CB2007C326240AE500603FF3 /* SiteForm.swift */; };
		CB2007C62624157B00603FF3 /* SiteFormItems.swift in Sources */ = {isa = PBXBuildFile; fileRef = CB2007C52624157B00603FF3 /* SiteFormItems.swift */; };
		CB2007C826241EC600603FF3 /* SiteFormDetails.swift in Sources */ = {isa = PBXBuildFile; fileRef = CB2007C726241EC600603FF3 /* SiteFormDetails.swift */; };
		CB2007CA262420C500603FF3 /* SubmissionsDetails.swift in Sources */ = {isa = PBXBuildFile; fileRef = CB2007C9262420C500603FF3 /* SubmissionsDetails.swift */; };
		CB328C1D25F0DC4000D0C3A8 /* SiteItems.swift in Sources */ = {isa = PBXBuildFile; fileRef = CB328C1C25F0DC4000D0C3A8 /* SiteItems.swift */; };
		CB328C1F25F1055700D0C3A8 /* Deploy.swift in Sources */ = {isa = PBXBuildFile; fileRef = CB328C1E25F1055700D0C3A8 /* Deploy.swift */; };
		CB328C2125F10F9500D0C3A8 /* SiteDetails.swift in Sources */ = {isa = PBXBuildFile; fileRef = CB328C2025F10F9500D0C3A8 /* SiteDetails.swift */; };
		CB328C2425F112F400D0C3A8 /* BetterSafariView in Frameworks */ = {isa = PBXBuildFile; productRef = CB328C2325F112F400D0C3A8 /* BetterSafariView */; };
		CB3BB8BB25F08D5600C3EB83 /* SessionStore.swift in Sources */ = {isa = PBXBuildFile; fileRef = CB3BB8BA25F08D5600C3EB83 /* SessionStore.swift */; };
		CB3BB8BD25F093EC00C3EB83 /* User.swift in Sources */ = {isa = PBXBuildFile; fileRef = CB3BB8BC25F093EC00C3EB83 /* User.swift */; };
		CB3BB8BF25F09BD600C3EB83 /* Site.swift in Sources */ = {isa = PBXBuildFile; fileRef = CB3BB8BE25F09BD600C3EB83 /* Site.swift */; };
		CB3BB8C125F0A20C00C3EB83 /* LoadingView.swift in Sources */ = {isa = PBXBuildFile; fileRef = CB3BB8C025F0A20C00C3EB83 /* LoadingView.swift */; };
		CB4D29BE25FB85C20077293D /* FormItems.swift in Sources */ = {isa = PBXBuildFile; fileRef = CB4D29BD25FB85C20077293D /* FormItems.swift */; };
		CB4D29C125FB8DDC0077293D /* Localizable.strings in Resources */ = {isa = PBXBuildFile; fileRef = CB4D29C325FB8DDC0077293D /* Localizable.strings */; };
		CB56A6D1263BFCFD00B5120C /* StateView.swift in Sources */ = {isa = PBXBuildFile; fileRef = CB56A6D0263BFCFD00B5120C /* StateView.swift */; };
		CB56A6D3263C13C300B5120C /* DeployDetails.swift in Sources */ = {isa = PBXBuildFile; fileRef = CB56A6D2263C13C300B5120C /* DeployDetails.swift */; };
		CB56A738263E93DE00B5120C /* DeploysFilterView.swift in Sources */ = {isa = PBXBuildFile; fileRef = CB56A737263E93DE00B5120C /* DeploysFilterView.swift */; };
		CB56A73B263FBCC300B5120C /* Build.swift in Sources */ = {isa = PBXBuildFile; fileRef = CB56A73A263FBCC300B5120C /* Build.swift */; };
		CB56A73D263FBDFA00B5120C /* BuildsList.swift in Sources */ = {isa = PBXBuildFile; fileRef = CB56A73C263FBDFA00B5120C /* BuildsList.swift */; };
		CB56A73F263FC0E600B5120C /* BuildItems.swift in Sources */ = {isa = PBXBuildFile; fileRef = CB56A73E263FC0E600B5120C /* BuildItems.swift */; };
		CB56A741263FD70E00B5120C /* BuildsFilterView.swift in Sources */ = {isa = PBXBuildFile; fileRef = CB56A740263FD70E00B5120C /* BuildsFilterView.swift */; };
		CB56A742263FE27600B5120C /* Build.swift in Sources */ = {isa = PBXBuildFile; fileRef = CB56A73A263FBCC300B5120C /* Build.swift */; };
		CB56A743263FE27600B5120C /* Build.swift in Sources */ = {isa = PBXBuildFile; fileRef = CB56A73A263FBCC300B5120C /* Build.swift */; };
		CB56A7452640389400B5120C /* Tab.swift in Sources */ = {isa = PBXBuildFile; fileRef = CB56A7442640389300B5120C /* Tab.swift */; };
		CB5F6EDB261782350018C955 /* Int.swift in Sources */ = {isa = PBXBuildFile; fileRef = CB5F6EDA261782350018C955 /* Int.swift */; };
		CB5F6EE026198F200018C955 /* EnvView.swift in Sources */ = {isa = PBXBuildFile; fileRef = CB5F6EDF26198F200018C955 /* EnvView.swift */; };
		CB601D212600949F0072813D /* SummaryItems.swift in Sources */ = {isa = PBXBuildFile; fileRef = CB601D202600949F0072813D /* SummaryItems.swift */; };
		CB601D232600A1700072813D /* Date.swift in Sources */ = {isa = PBXBuildFile; fileRef = CB601D222600A1700072813D /* Date.swift */; };
		CB67B4F325F0DB6A003E07A9 /* Kingfisher in Frameworks */ = {isa = PBXBuildFile; productRef = CB67B4F225F0DB6A003E07A9 /* Kingfisher */; };
		CB99367325FBE53700A73A36 /* Log.swift in Sources */ = {isa = PBXBuildFile; fileRef = CB99367225FBE53700A73A36 /* Log.swift */; };
		CB9C00F625F8E51A0030F139 /* DeploysList.swift in Sources */ = {isa = PBXBuildFile; fileRef = CB9C00F525F8E51A0030F139 /* DeploysList.swift */; };
		CB9EEA9B26021C9100368407 /* LogFile.swift in Sources */ = {isa = PBXBuildFile; fileRef = CB9EEA9A26021C9100368407 /* LogFile.swift */; };
		CBB6348A2614861300B4D22F /* Team.swift in Sources */ = {isa = PBXBuildFile; fileRef = CBB634892614861300B4D22F /* Team.swift */; };
		CBB6348D2614A88300B4D22F /* TeamItems.swift in Sources */ = {isa = PBXBuildFile; fileRef = CBB6348C2614A88300B4D22F /* TeamItems.swift */; };
		CBB6348F2614A8EE00B4D22F /* TeamDetails.swift in Sources */ = {isa = PBXBuildFile; fileRef = CBB6348E2614A8EE00B4D22F /* TeamDetails.swift */; };
		CBD7FCDB25FC8CA50091E984 /* LogView.swift in Sources */ = {isa = PBXBuildFile; fileRef = CBD7FCDA25FC8CA50091E984 /* LogView.swift */; };
		CBD7FCDD25FC8EDE0091E984 /* LogItems.swift in Sources */ = {isa = PBXBuildFile; fileRef = CBD7FCDC25FC8EDE0091E984 /* LogItems.swift */; };
		CBD9800225EFC42800CAAAAD /* NetliphyApp.swift in Sources */ = {isa = PBXBuildFile; fileRef = CBD9800125EFC42800CAAAAD /* NetliphyApp.swift */; };
		CBD9800425EFC42800CAAAAD /* SitesList.swift in Sources */ = {isa = PBXBuildFile; fileRef = CBD9800325EFC42800CAAAAD /* SitesList.swift */; };
		CBD9800625EFC42A00CAAAAD /* Assets.xcassets in Resources */ = {isa = PBXBuildFile; fileRef = CBD9800525EFC42A00CAAAAD /* Assets.xcassets */; };
		CBD9800925EFC42A00CAAAAD /* Preview Assets.xcassets in Resources */ = {isa = PBXBuildFile; fileRef = CBD9800825EFC42A00CAAAAD /* Preview Assets.xcassets */; };
		CBD9801125EFC65A00CAAAAD /* API.swift in Sources */ = {isa = PBXBuildFile; fileRef = CBD9801025EFC65A00CAAAAD /* API.swift */; };
		CBD9801325EFC6AD00CAAAAD /* Enum.swift in Sources */ = {isa = PBXBuildFile; fileRef = CBD9801225EFC6AD00CAAAAD /* Enum.swift */; };
		CBD9801525EFC70100CAAAAD /* URL.swift in Sources */ = {isa = PBXBuildFile; fileRef = CBD9801425EFC70100CAAAAD /* URL.swift */; };
		CBEA54712627F71100D0907B /* MemberItems.swift in Sources */ = {isa = PBXBuildFile; fileRef = CBEA54702627F71100D0907B /* MemberItems.swift */; };
		CBEA7D4425F20D7B006902F3 /* LoginView.swift in Sources */ = {isa = PBXBuildFile; fileRef = CBEA7D4325F20D7B006902F3 /* LoginView.swift */; };
		CBEAE5A82631B9E700A7774E /* FailureView.swift in Sources */ = {isa = PBXBuildFile; fileRef = CBEAE5A72631B9E700A7774E /* FailureView.swift */; };
		CBEAE5AA2631BCA100A7774E /* FailureFormView.swift in Sources */ = {isa = PBXBuildFile; fileRef = CBEAE5A92631BCA100A7774E /* FailureFormView.swift */; };
		CBEF34FC2607B556002B7210 /* PluginsView.swift in Sources */ = {isa = PBXBuildFile; fileRef = CBEF34FB2607B556002B7210 /* PluginsView.swift */; };
		CBEFCFDD2604884500B5D969 /* Alert.swift in Sources */ = {isa = PBXBuildFile; fileRef = CBEFCFDC2604884500B5D969 /* Alert.swift */; };
		CBFBCB4526366B8800A2C5A4 /* WidgetKit.framework in Frameworks */ = {isa = PBXBuildFile; fileRef = CBD5719E26294AE90034A8E8 /* WidgetKit.framework */; };
		CBFBCB4626366B8800A2C5A4 /* SwiftUI.framework in Frameworks */ = {isa = PBXBuildFile; fileRef = CBD571A026294AE90034A8E8 /* SwiftUI.framework */; };
		CBFBCB4926366B8800A2C5A4 /* DeployWidget.swift in Sources */ = {isa = PBXBuildFile; fileRef = CBFBCB4826366B8800A2C5A4 /* DeployWidget.swift */; };
		CBFBCB4E26366B8A00A2C5A4 /* SelectSite.intentdefinition in Sources */ = {isa = PBXBuildFile; fileRef = CBFBCB4A26366B8800A2C5A4 /* SelectSite.intentdefinition */; };
		CBFBCB4F26366B8A00A2C5A4 /* SelectSite.intentdefinition in Sources */ = {isa = PBXBuildFile; fileRef = CBFBCB4A26366B8800A2C5A4 /* SelectSite.intentdefinition */; };
		CBFBCB5226366B8A00A2C5A4 /* Netliphy Widget.appex in Embed App Extensions */ = {isa = PBXBuildFile; fileRef = CBFBCB4426366B8800A2C5A4 /* Netliphy Widget.appex */; settings = {ATTRIBUTES = (RemoveHeadersOnCopy, ); }; };
		CBFBCB5B26366BD200A2C5A4 /* Intents.framework in Frameworks */ = {isa = PBXBuildFile; fileRef = CBFBCB322635C48C00A2C5A4 /* Intents.framework */; };
		CBFBCB5E26366BD200A2C5A4 /* IntentHandler.swift in Sources */ = {isa = PBXBuildFile; fileRef = CBFBCB5D26366BD200A2C5A4 /* IntentHandler.swift */; };
		CBFBCB6226366BD200A2C5A4 /* IntentExtension.appex in Embed App Extensions */ = {isa = PBXBuildFile; fileRef = CBFBCB5A26366BD200A2C5A4 /* IntentExtension.appex */; settings = {ATTRIBUTES = (RemoveHeadersOnCopy, ); }; };
		CBFBCB682636723A00A2C5A4 /* SelectSite.intentdefinition in Sources */ = {isa = PBXBuildFile; fileRef = CBFBCB4A26366B8800A2C5A4 /* SelectSite.intentdefinition */; };
		CBFBCB6926367A9500A2C5A4 /* API.swift in Sources */ = {isa = PBXBuildFile; fileRef = CBD9801025EFC65A00CAAAAD /* API.swift */; };
		CBFBCB6A26367A9600A2C5A4 /* API.swift in Sources */ = {isa = PBXBuildFile; fileRef = CBD9801025EFC65A00CAAAAD /* API.swift */; };
		CBFBCB6B26367A9A00A2C5A4 /* Enum.swift in Sources */ = {isa = PBXBuildFile; fileRef = CBD9801225EFC6AD00CAAAAD /* Enum.swift */; };
		CBFBCB6C26367A9E00A2C5A4 /* URL.swift in Sources */ = {isa = PBXBuildFile; fileRef = CBD9801425EFC70100CAAAAD /* URL.swift */; };
		CBFBCB6D26367AA100A2C5A4 /* URL.swift in Sources */ = {isa = PBXBuildFile; fileRef = CBD9801425EFC70100CAAAAD /* URL.swift */; };
		CBFBCB6E26367AA600A2C5A4 /* Enum.swift in Sources */ = {isa = PBXBuildFile; fileRef = CBD9801225EFC6AD00CAAAAD /* Enum.swift */; };
		CBFBCB6F26367AAC00A2C5A4 /* Site.swift in Sources */ = {isa = PBXBuildFile; fileRef = CB3BB8BE25F09BD600C3EB83 /* Site.swift */; };
		CBFBCB7026367AAE00A2C5A4 /* Site.swift in Sources */ = {isa = PBXBuildFile; fileRef = CB3BB8BE25F09BD600C3EB83 /* Site.swift */; };
		CBFBCB7226367AC000A2C5A4 /* Deploy.swift in Sources */ = {isa = PBXBuildFile; fileRef = CB328C1E25F1055700D0C3A8 /* Deploy.swift */; };
		CBFBCB7326367ADD00A2C5A4 /* Date.swift in Sources */ = {isa = PBXBuildFile; fileRef = CB601D222600A1700072813D /* Date.swift */; };
		CBFBCB7426367AF300A2C5A4 /* SessionStore.swift in Sources */ = {isa = PBXBuildFile; fileRef = CB9E356826330D93007A6864 /* SessionStore.swift */; };
		CBFBCB7526367AF300A2C5A4 /* SessionStore.swift in Sources */ = {isa = PBXBuildFile; fileRef = CB9E356826330D93007A6864 /* SessionStore.swift */; };
		CBFBCB7826367CA400A2C5A4 /* Date.swift in Sources */ = {isa = PBXBuildFile; fileRef = CB601D222600A1700072813D /* Date.swift */; };
		CBFBCB7A2636867600A2C5A4 /* Localizable.strings in Resources */ = {isa = PBXBuildFile; fileRef = CB4D29C325FB8DDC0077293D /* Localizable.strings */; };
		CBFBCB7B2636878E00A2C5A4 /* WidgetMessage.swift in Sources */ = {isa = PBXBuildFile; fileRef = CBFBCB112634627400A2C5A4 /* WidgetMessage.swift */; };
		CBFBCB7C2636879600A2C5A4 /* StateWidgetView.swift in Sources */ = {isa = PBXBuildFile; fileRef = CBE59C0A262B2E40000081F0 /* StateWidgetView.swift */; };
		CBFBCB7D2636879900A2C5A4 /* SmallWidget.swift in Sources */ = {isa = PBXBuildFile; fileRef = CBE59C0C262BD637000081F0 /* SmallWidget.swift */; };
		CBFBCB8026368AD700A2C5A4 /* Provider.swift in Sources */ = {isa = PBXBuildFile; fileRef = CBFBCB7F26368AD700A2C5A4 /* Provider.swift */; };
		CBFBCB8526368DD500A2C5A4 /* StateWidgetView.swift in Sources */ = {isa = PBXBuildFile; fileRef = CBE59C0A262B2E40000081F0 /* StateWidgetView.swift */; };
		CBFBCB8626368EAA00A2C5A4 /* Deploy.swift in Sources */ = {isa = PBXBuildFile; fileRef = CB328C1E25F1055700D0C3A8 /* Deploy.swift */; };
		CBFBCB8726368EAF00A2C5A4 /* StateWidgetView.swift in Sources */ = {isa = PBXBuildFile; fileRef = CBE59C0A262B2E40000081F0 /* StateWidgetView.swift */; };
		CBFBCB8826368FC800A2C5A4 /* Assets.xcassets in Resources */ = {isa = PBXBuildFile; fileRef = CBD9800525EFC42A00CAAAAD /* Assets.xcassets */; };
		CBFC59BC25F3338500F7C11F /* CustomButtonStyle.swift in Sources */ = {isa = PBXBuildFile; fileRef = CBFC59BB25F3338500F7C11F /* CustomButtonStyle.swift */; };
		CBFC59C025F3597300F7C11F /* DeployItems.swift in Sources */ = {isa = PBXBuildFile; fileRef = CBFC59BF25F3597300F7C11F /* DeployItems.swift */; };
/* End PBXBuildFile section */

/* Begin PBXContainerItemProxy section */
		CBFBCB5026366B8A00A2C5A4 /* PBXContainerItemProxy */ = {
			isa = PBXContainerItemProxy;
			containerPortal = CBD97FF625EFC42800CAAAAD /* Project object */;
			proxyType = 1;
			remoteGlobalIDString = CBFBCB4326366B8800A2C5A4;
			remoteInfo = TestWidgetExtension;
		};
		CBFBCB6026366BD200A2C5A4 /* PBXContainerItemProxy */ = {
			isa = PBXContainerItemProxy;
			containerPortal = CBD97FF625EFC42800CAAAAD /* Project object */;
			proxyType = 1;
			remoteGlobalIDString = CBFBCB5926366BD200A2C5A4;
			remoteInfo = IntentExtension;
		};
/* End PBXContainerItemProxy section */

/* Begin PBXCopyFilesBuildPhase section */
		CBD571AB26294AEA0034A8E8 /* Embed App Extensions */ = {
			isa = PBXCopyFilesBuildPhase;
			buildActionMask = 2147483647;
			dstPath = "";
			dstSubfolderSpec = 13;
			files = (
				CBFBCB5226366B8A00A2C5A4 /* Netliphy Widget.appex in Embed App Extensions */,
				CBFBCB6226366BD200A2C5A4 /* IntentExtension.appex in Embed App Extensions */,
			);
			name = "Embed App Extensions";
			runOnlyForDeploymentPostprocessing = 0;
		};
/* End PBXCopyFilesBuildPhase section */

/* Begin PBXFileReference section */
		CB023FD525F38BA5009DEDCF /* ProfileView.swift */ = {isa = PBXFileReference; lastKnownFileType = sourcecode.swift; path = ProfileView.swift; sourceTree = "<group>"; };
		CB034D36261AE942002DEDDC /* ExitButtonView.swift */ = {isa = PBXFileReference; lastKnownFileType = sourcecode.swift; path = ExitButtonView.swift; sourceTree = "<group>"; };
		CB034D38261C5824002DEDDC /* Bandwidth.swift */ = {isa = PBXFileReference; lastKnownFileType = sourcecode.swift; path = Bandwidth.swift; sourceTree = "<group>"; };
		CB034D3A261C598D002DEDDC /* BuildStatus.swift */ = {isa = PBXFileReference; lastKnownFileType = sourcecode.swift; path = BuildStatus.swift; sourceTree = "<group>"; };
		CB034D6C262011CB002DEDDC /* News.swift */ = {isa = PBXFileReference; lastKnownFileType = sourcecode.swift; path = News.swift; sourceTree = "<group>"; };
		CB034D6E26201233002DEDDC /* NewsView.swift */ = {isa = PBXFileReference; lastKnownFileType = sourcecode.swift; path = NewsView.swift; sourceTree = "<group>"; };
		CB056F5025FE237700E3BD14 /* String.swift */ = {isa = PBXFileReference; lastKnownFileType = sourcecode.swift; path = String.swift; sourceTree = "<group>"; };
		CB09742E2626C5DF00DA55A4 /* NewsItems.swift */ = {isa = PBXFileReference; lastKnownFileType = sourcecode.swift; path = NewsItems.swift; sourceTree = "<group>"; };
		CB0974332627EFF100DA55A4 /* Members.swift */ = {isa = PBXFileReference; lastKnownFileType = sourcecode.swift; path = Members.swift; sourceTree = "<group>"; };
		CB13AC6425F9E4D200922A03 /* RootView.swift */ = {isa = PBXFileReference; lastKnownFileType = sourcecode.swift; path = RootView.swift; sourceTree = "<group>"; };
		CB2007BE262343E000603FF3 /* Submissions.swift */ = {isa = PBXFileReference; lastKnownFileType = sourcecode.swift; path = Submissions.swift; sourceTree = "<group>"; };
		CB2007C126234F0100603FF3 /* SubmissionsItems.swift */ = {isa = PBXFileReference; lastKnownFileType = sourcecode.swift; path = SubmissionsItems.swift; sourceTree = "<group>"; };
		CB2007C326240AE500603FF3 /* SiteForm.swift */ = {isa = PBXFileReference; lastKnownFileType = sourcecode.swift; path = SiteForm.swift; sourceTree = "<group>"; };
		CB2007C52624157B00603FF3 /* SiteFormItems.swift */ = {isa = PBXFileReference; lastKnownFileType = sourcecode.swift; path = SiteFormItems.swift; sourceTree = "<group>"; };
		CB2007C726241EC600603FF3 /* SiteFormDetails.swift */ = {isa = PBXFileReference; lastKnownFileType = sourcecode.swift; path = SiteFormDetails.swift; sourceTree = "<group>"; };
		CB2007C9262420C500603FF3 /* SubmissionsDetails.swift */ = {isa = PBXFileReference; lastKnownFileType = sourcecode.swift; path = SubmissionsDetails.swift; sourceTree = "<group>"; };
		CB328C1C25F0DC4000D0C3A8 /* SiteItems.swift */ = {isa = PBXFileReference; lastKnownFileType = sourcecode.swift; path = SiteItems.swift; sourceTree = "<group>"; };
		CB328C1E25F1055700D0C3A8 /* Deploy.swift */ = {isa = PBXFileReference; lastKnownFileType = sourcecode.swift; path = Deploy.swift; sourceTree = "<group>"; };
		CB328C2025F10F9500D0C3A8 /* SiteDetails.swift */ = {isa = PBXFileReference; lastKnownFileType = sourcecode.swift; path = SiteDetails.swift; sourceTree = "<group>"; };
		CB3BB8BA25F08D5600C3EB83 /* SessionStore.swift */ = {isa = PBXFileReference; lastKnownFileType = sourcecode.swift; path = SessionStore.swift; sourceTree = "<group>"; };
		CB3BB8BC25F093EC00C3EB83 /* User.swift */ = {isa = PBXFileReference; lastKnownFileType = sourcecode.swift; path = User.swift; sourceTree = "<group>"; };
		CB3BB8BE25F09BD600C3EB83 /* Site.swift */ = {isa = PBXFileReference; lastKnownFileType = sourcecode.swift; path = Site.swift; sourceTree = "<group>"; };
		CB3BB8C025F0A20C00C3EB83 /* LoadingView.swift */ = {isa = PBXFileReference; lastKnownFileType = sourcecode.swift; path = LoadingView.swift; sourceTree = "<group>"; };
		CB4D29BD25FB85C20077293D /* FormItems.swift */ = {isa = PBXFileReference; lastKnownFileType = sourcecode.swift; path = FormItems.swift; sourceTree = "<group>"; };
		CB4D29C225FB8DDC0077293D /* en */ = {isa = PBXFileReference; lastKnownFileType = text.plist.strings; name = en; path = en.lproj/Localizable.strings; sourceTree = "<group>"; };
		CB4D29C425FB8DDE0077293D /* ru */ = {isa = PBXFileReference; lastKnownFileType = text.plist.strings; name = ru; path = ru.lproj/Localizable.strings; sourceTree = "<group>"; };
		CB56A6D0263BFCFD00B5120C /* StateView.swift */ = {isa = PBXFileReference; lastKnownFileType = sourcecode.swift; path = StateView.swift; sourceTree = "<group>"; };
		CB56A6D2263C13C300B5120C /* DeployDetails.swift */ = {isa = PBXFileReference; lastKnownFileType = sourcecode.swift; path = DeployDetails.swift; sourceTree = "<group>"; };
		CB56A737263E93DE00B5120C /* DeploysFilterView.swift */ = {isa = PBXFileReference; lastKnownFileType = sourcecode.swift; path = DeploysFilterView.swift; sourceTree = "<group>"; };
		CB56A73A263FBCC300B5120C /* Build.swift */ = {isa = PBXFileReference; lastKnownFileType = sourcecode.swift; path = Build.swift; sourceTree = "<group>"; };
		CB56A73C263FBDFA00B5120C /* BuildsList.swift */ = {isa = PBXFileReference; lastKnownFileType = sourcecode.swift; path = BuildsList.swift; sourceTree = "<group>"; };
		CB56A73E263FC0E600B5120C /* BuildItems.swift */ = {isa = PBXFileReference; lastKnownFileType = sourcecode.swift; path = BuildItems.swift; sourceTree = "<group>"; };
		CB56A740263FD70E00B5120C /* BuildsFilterView.swift */ = {isa = PBXFileReference; lastKnownFileType = sourcecode.swift; path = BuildsFilterView.swift; sourceTree = "<group>"; };
		CB56A7442640389300B5120C /* Tab.swift */ = {isa = PBXFileReference; lastKnownFileType = sourcecode.swift; path = Tab.swift; sourceTree = "<group>"; };
		CB5F6EDA261782350018C955 /* Int.swift */ = {isa = PBXFileReference; lastKnownFileType = sourcecode.swift; path = Int.swift; sourceTree = "<group>"; };
		CB5F6EDF26198F200018C955 /* EnvView.swift */ = {isa = PBXFileReference; lastKnownFileType = sourcecode.swift; path = EnvView.swift; sourceTree = "<group>"; };
		CB601D202600949F0072813D /* SummaryItems.swift */ = {isa = PBXFileReference; lastKnownFileType = sourcecode.swift; path = SummaryItems.swift; sourceTree = "<group>"; };
		CB601D222600A1700072813D /* Date.swift */ = {isa = PBXFileReference; lastKnownFileType = sourcecode.swift; path = Date.swift; sourceTree = "<group>"; };
		CB99367225FBE53700A73A36 /* Log.swift */ = {isa = PBXFileReference; lastKnownFileType = sourcecode.swift; path = Log.swift; sourceTree = "<group>"; };
		CB9C00F525F8E51A0030F139 /* DeploysList.swift */ = {isa = PBXFileReference; lastKnownFileType = sourcecode.swift; path = DeploysList.swift; sourceTree = "<group>"; };
		CB9E356826330D93007A6864 /* SessionStore.swift */ = {isa = PBXFileReference; lastKnownFileType = sourcecode.swift; path = SessionStore.swift; sourceTree = "<group>"; };
		CB9EEA9A26021C9100368407 /* LogFile.swift */ = {isa = PBXFileReference; lastKnownFileType = sourcecode.swift; path = LogFile.swift; sourceTree = "<group>"; };
		CBB634892614861300B4D22F /* Team.swift */ = {isa = PBXFileReference; lastKnownFileType = sourcecode.swift; path = Team.swift; sourceTree = "<group>"; };
		CBB6348C2614A88300B4D22F /* TeamItems.swift */ = {isa = PBXFileReference; lastKnownFileType = sourcecode.swift; path = TeamItems.swift; sourceTree = "<group>"; };
		CBB6348E2614A8EE00B4D22F /* TeamDetails.swift */ = {isa = PBXFileReference; lastKnownFileType = sourcecode.swift; path = TeamDetails.swift; sourceTree = "<group>"; };
		CBC4A4D72604F687003FA0EE /* Netliphy.entitlements */ = {isa = PBXFileReference; fileEncoding = 4; lastKnownFileType = text.plist.entitlements; path = Netliphy.entitlements; sourceTree = "<group>"; };
		CBD5719E26294AE90034A8E8 /* WidgetKit.framework */ = {isa = PBXFileReference; lastKnownFileType = wrapper.framework; name = WidgetKit.framework; path = System/Library/Frameworks/WidgetKit.framework; sourceTree = SDKROOT; };
		CBD571A026294AE90034A8E8 /* SwiftUI.framework */ = {isa = PBXFileReference; lastKnownFileType = wrapper.framework; name = SwiftUI.framework; path = System/Library/Frameworks/SwiftUI.framework; sourceTree = SDKROOT; };
		CBD7FCDA25FC8CA50091E984 /* LogView.swift */ = {isa = PBXFileReference; lastKnownFileType = sourcecode.swift; path = LogView.swift; sourceTree = "<group>"; };
		CBD7FCDC25FC8EDE0091E984 /* LogItems.swift */ = {isa = PBXFileReference; lastKnownFileType = sourcecode.swift; path = LogItems.swift; sourceTree = "<group>"; };
		CBD97FFE25EFC42800CAAAAD /* Netliphy.app */ = {isa = PBXFileReference; explicitFileType = wrapper.application; includeInIndex = 0; path = Netliphy.app; sourceTree = BUILT_PRODUCTS_DIR; };
		CBD9800125EFC42800CAAAAD /* NetliphyApp.swift */ = {isa = PBXFileReference; lastKnownFileType = sourcecode.swift; path = NetliphyApp.swift; sourceTree = "<group>"; };
		CBD9800325EFC42800CAAAAD /* SitesList.swift */ = {isa = PBXFileReference; lastKnownFileType = sourcecode.swift; path = SitesList.swift; sourceTree = "<group>"; };
		CBD9800525EFC42A00CAAAAD /* Assets.xcassets */ = {isa = PBXFileReference; lastKnownFileType = folder.assetcatalog; path = Assets.xcassets; sourceTree = "<group>"; };
		CBD9800825EFC42A00CAAAAD /* Preview Assets.xcassets */ = {isa = PBXFileReference; lastKnownFileType = folder.assetcatalog; path = "Preview Assets.xcassets"; sourceTree = "<group>"; };
		CBD9800A25EFC42A00CAAAAD /* Info.plist */ = {isa = PBXFileReference; lastKnownFileType = text.plist.xml; path = Info.plist; sourceTree = "<group>"; };
		CBD9801025EFC65A00CAAAAD /* API.swift */ = {isa = PBXFileReference; lastKnownFileType = sourcecode.swift; path = API.swift; sourceTree = "<group>"; };
		CBD9801225EFC6AD00CAAAAD /* Enum.swift */ = {isa = PBXFileReference; lastKnownFileType = sourcecode.swift; path = Enum.swift; sourceTree = "<group>"; };
		CBD9801425EFC70100CAAAAD /* URL.swift */ = {isa = PBXFileReference; lastKnownFileType = sourcecode.swift; path = URL.swift; sourceTree = "<group>"; };
		CBE59C0A262B2E40000081F0 /* StateWidgetView.swift */ = {isa = PBXFileReference; lastKnownFileType = sourcecode.swift; path = StateWidgetView.swift; sourceTree = "<group>"; };
		CBE59C0C262BD637000081F0 /* SmallWidget.swift */ = {isa = PBXFileReference; lastKnownFileType = sourcecode.swift; path = SmallWidget.swift; sourceTree = "<group>"; };
		CBEA54702627F71100D0907B /* MemberItems.swift */ = {isa = PBXFileReference; lastKnownFileType = sourcecode.swift; path = MemberItems.swift; sourceTree = "<group>"; };
		CBEA7D4325F20D7B006902F3 /* LoginView.swift */ = {isa = PBXFileReference; lastKnownFileType = sourcecode.swift; path = LoginView.swift; sourceTree = "<group>"; };
		CBEAE5A72631B9E700A7774E /* FailureView.swift */ = {isa = PBXFileReference; lastKnownFileType = sourcecode.swift; path = FailureView.swift; sourceTree = "<group>"; };
		CBEAE5A92631BCA100A7774E /* FailureFormView.swift */ = {isa = PBXFileReference; lastKnownFileType = sourcecode.swift; path = FailureFormView.swift; sourceTree = "<group>"; };
		CBEF34FB2607B556002B7210 /* PluginsView.swift */ = {isa = PBXFileReference; lastKnownFileType = sourcecode.swift; path = PluginsView.swift; sourceTree = "<group>"; };
		CBEFCFDC2604884500B5D969 /* Alert.swift */ = {isa = PBXFileReference; lastKnownFileType = sourcecode.swift; path = Alert.swift; sourceTree = "<group>"; };
		CBFBCB112634627400A2C5A4 /* WidgetMessage.swift */ = {isa = PBXFileReference; lastKnownFileType = sourcecode.swift; path = WidgetMessage.swift; sourceTree = "<group>"; };
		CBFBCB322635C48C00A2C5A4 /* Intents.framework */ = {isa = PBXFileReference; lastKnownFileType = wrapper.framework; name = Intents.framework; path = System/Library/Frameworks/Intents.framework; sourceTree = SDKROOT; };
		CBFBCB4426366B8800A2C5A4 /* Netliphy Widget.appex */ = {isa = PBXFileReference; explicitFileType = "wrapper.app-extension"; includeInIndex = 0; path = "Netliphy Widget.appex"; sourceTree = BUILT_PRODUCTS_DIR; };
		CBFBCB4826366B8800A2C5A4 /* DeployWidget.swift */ = {isa = PBXFileReference; lastKnownFileType = sourcecode.swift; path = DeployWidget.swift; sourceTree = "<group>"; };
		CBFBCB4A26366B8800A2C5A4 /* SelectSite.intentdefinition */ = {isa = PBXFileReference; lastKnownFileType = file.intentdefinition; path = SelectSite.intentdefinition; sourceTree = "<group>"; };
		CBFBCB4D26366B8A00A2C5A4 /* Info.plist */ = {isa = PBXFileReference; lastKnownFileType = text.plist.xml; path = Info.plist; sourceTree = "<group>"; };
		CBFBCB5A26366BD200A2C5A4 /* IntentExtension.appex */ = {isa = PBXFileReference; explicitFileType = "wrapper.app-extension"; includeInIndex = 0; path = IntentExtension.appex; sourceTree = BUILT_PRODUCTS_DIR; };
		CBFBCB5D26366BD200A2C5A4 /* IntentHandler.swift */ = {isa = PBXFileReference; lastKnownFileType = sourcecode.swift; path = IntentHandler.swift; sourceTree = "<group>"; };
		CBFBCB5F26366BD200A2C5A4 /* Info.plist */ = {isa = PBXFileReference; lastKnownFileType = text.plist.xml; path = Info.plist; sourceTree = "<group>"; };
		CBFBCB6626366D3A00A2C5A4 /* Netliphy Widget.entitlements */ = {isa = PBXFileReference; lastKnownFileType = text.plist.entitlements; path = "Netliphy Widget.entitlements"; sourceTree = "<group>"; };
		CBFBCB7926367DAB00A2C5A4 /* IntentExtension.entitlements */ = {isa = PBXFileReference; lastKnownFileType = text.plist.entitlements; path = IntentExtension.entitlements; sourceTree = "<group>"; };
		CBFBCB7F26368AD700A2C5A4 /* Provider.swift */ = {isa = PBXFileReference; lastKnownFileType = sourcecode.swift; path = Provider.swift; sourceTree = "<group>"; };
		CBFC59BB25F3338500F7C11F /* CustomButtonStyle.swift */ = {isa = PBXFileReference; lastKnownFileType = sourcecode.swift; path = CustomButtonStyle.swift; sourceTree = "<group>"; };
		CBFC59BF25F3597300F7C11F /* DeployItems.swift */ = {isa = PBXFileReference; lastKnownFileType = sourcecode.swift; path = DeployItems.swift; sourceTree = "<group>"; };
/* End PBXFileReference section */

/* Begin PBXFrameworksBuildPhase section */
		CBD97FFB25EFC42800CAAAAD /* Frameworks */ = {
			isa = PBXFrameworksBuildPhase;
			buildActionMask = 2147483647;
			files = (
				CB67B4F325F0DB6A003E07A9 /* Kingfisher in Frameworks */,
				CB328C2425F112F400D0C3A8 /* BetterSafariView in Frameworks */,
			);
			runOnlyForDeploymentPostprocessing = 0;
		};
		CBFBCB4126366B8800A2C5A4 /* Frameworks */ = {
			isa = PBXFrameworksBuildPhase;
			buildActionMask = 2147483647;
			files = (
				CBFBCB4626366B8800A2C5A4 /* SwiftUI.framework in Frameworks */,
				CBFBCB4526366B8800A2C5A4 /* WidgetKit.framework in Frameworks */,
			);
			runOnlyForDeploymentPostprocessing = 0;
		};
		CBFBCB5726366BD200A2C5A4 /* Frameworks */ = {
			isa = PBXFrameworksBuildPhase;
			buildActionMask = 2147483647;
			files = (
				CBFBCB5B26366BD200A2C5A4 /* Intents.framework in Frameworks */,
			);
			runOnlyForDeploymentPostprocessing = 0;
		};
/* End PBXFrameworksBuildPhase section */

/* Begin PBXGroup section */
		CB023FD425F389B1009DEDCF /* Model */ = {
			isa = PBXGroup;
			children = (
				CB3BB8BC25F093EC00C3EB83 /* User.swift */,
				CB0974332627EFF100DA55A4 /* Members.swift */,
				CB3BB8BE25F09BD600C3EB83 /* Site.swift */,
				CB328C1E25F1055700D0C3A8 /* Deploy.swift */,
				CBB634892614861300B4D22F /* Team.swift */,
				CB99367225FBE53700A73A36 /* Log.swift */,
				CB034D38261C5824002DEDDC /* Bandwidth.swift */,
				CB034D3A261C598D002DEDDC /* BuildStatus.swift */,
				CB034D6C262011CB002DEDDC /* News.swift */,
				CB2007BE262343E000603FF3 /* Submissions.swift */,
				CB2007C326240AE500603FF3 /* SiteForm.swift */,
				CB56A73A263FBCC300B5120C /* Build.swift */,
			);
			path = Model;
			sourceTree = "<group>";
		};
		CB034D6B26201165002DEDDC /* News */ = {
			isa = PBXGroup;
			children = (
				CB034D6E26201233002DEDDC /* NewsView.swift */,
				CB09742E2626C5DF00DA55A4 /* NewsItems.swift */,
			);
			path = News;
			sourceTree = "<group>";
		};
		CB2007C026234EEF00603FF3 /* Form */ = {
			isa = PBXGroup;
			children = (
				CB2007C126234F0100603FF3 /* SubmissionsItems.swift */,
				CB2007C9262420C500603FF3 /* SubmissionsDetails.swift */,
				CB2007C52624157B00603FF3 /* SiteFormItems.swift */,
				CB2007C726241EC600603FF3 /* SiteFormDetails.swift */,
			);
			path = Form;
			sourceTree = "<group>";
		};
		CB56A739263FBA5A00B5120C /* Build */ = {
			isa = PBXGroup;
			children = (
				CB56A73C263FBDFA00B5120C /* BuildsList.swift */,
				CB56A73E263FC0E600B5120C /* BuildItems.swift */,
				CB56A740263FD70E00B5120C /* BuildsFilterView.swift */,
			);
			path = Build;
			sourceTree = "<group>";
		};
		CB5F6EDC261782AD0018C955 /* Extension */ = {
			isa = PBXGroup;
			children = (
				CBD9801425EFC70100CAAAAD /* URL.swift */,
				CB056F5025FE237700E3BD14 /* String.swift */,
				CB601D222600A1700072813D /* Date.swift */,
				CB5F6EDA261782350018C955 /* Int.swift */,
			);
			path = Extension;
			sourceTree = "<group>";
		};
		CBB6348B2614A86700B4D22F /* Team */ = {
			isa = PBXGroup;
			children = (
				CBB6348C2614A88300B4D22F /* TeamItems.swift */,
				CBB6348E2614A8EE00B4D22F /* TeamDetails.swift */,
			);
			path = Team;
			sourceTree = "<group>";
		};
		CBD5719D26294AE90034A8E8 /* Frameworks */ = {
			isa = PBXGroup;
			children = (
				CBD5719E26294AE90034A8E8 /* WidgetKit.framework */,
				CBD571A026294AE90034A8E8 /* SwiftUI.framework */,
				CBFBCB322635C48C00A2C5A4 /* Intents.framework */,
			);
			name = Frameworks;
			sourceTree = "<group>";
		};
		CBD7FCDE25FC93070091E984 /* Site */ = {
			isa = PBXGroup;
			children = (
				CBD9800325EFC42800CAAAAD /* SitesList.swift */,
				CB328C2025F10F9500D0C3A8 /* SiteDetails.swift */,
				CB328C1C25F0DC4000D0C3A8 /* SiteItems.swift */,
				CBEF34FB2607B556002B7210 /* PluginsView.swift */,
				CB5F6EDF26198F200018C955 /* EnvView.swift */,
			);
			path = Site;
			sourceTree = "<group>";
		};
		CBD7FCDF25FC93820091E984 /* Deploy */ = {
			isa = PBXGroup;
			children = (
				CB9C00F525F8E51A0030F139 /* DeploysList.swift */,
				CB56A737263E93DE00B5120C /* DeploysFilterView.swift */,
				CBFC59BF25F3597300F7C11F /* DeployItems.swift */,
				CB601D202600949F0072813D /* SummaryItems.swift */,
				CB56A6D2263C13C300B5120C /* DeployDetails.swift */,
				CB56A6D0263BFCFD00B5120C /* StateView.swift */,
			);
			path = Deploy;
			sourceTree = "<group>";
		};
		CBD7FCE025FC93AD0091E984 /* Log */ = {
			isa = PBXGroup;
			children = (
				CBD7FCDC25FC8EDE0091E984 /* LogItems.swift */,
				CBD7FCDA25FC8CA50091E984 /* LogView.swift */,
				CB9EEA9A26021C9100368407 /* LogFile.swift */,
			);
			path = Log;
			sourceTree = "<group>";
		};
		CBD97FF525EFC42800CAAAAD = {
			isa = PBXGroup;
			children = (
				CBD9800025EFC42800CAAAAD /* Shared */,
				CBFBCB4726366B8800A2C5A4 /* Widget */,
				CBFBCB5C26366BD200A2C5A4 /* IntentExtension */,
				CBD5719D26294AE90034A8E8 /* Frameworks */,
				CBD97FFF25EFC42800CAAAAD /* Products */,
			);
			sourceTree = "<group>";
		};
		CBD97FFF25EFC42800CAAAAD /* Products */ = {
			isa = PBXGroup;
			children = (
				CBD97FFE25EFC42800CAAAAD /* Netliphy.app */,
				CBFBCB4426366B8800A2C5A4 /* Netliphy Widget.appex */,
				CBFBCB5A26366BD200A2C5A4 /* IntentExtension.appex */,
			);
			name = Products;
			sourceTree = "<group>";
		};
		CBD9800025EFC42800CAAAAD /* Shared */ = {
			isa = PBXGroup;
			children = (
				CBEAE5A62631B96100A7774E /* Loading */,
				CB2007C026234EEF00603FF3 /* Form */,
				CB034D6B26201165002DEDDC /* News */,
				CB5F6EDC261782AD0018C955 /* Extension */,
				CBB6348B2614A86700B4D22F /* Team */,
				CBD7FCE025FC93AD0091E984 /* Log */,
				CB56A739263FBA5A00B5120C /* Build */,
				CBD7FCDF25FC93820091E984 /* Deploy */,
				CBD7FCDE25FC93070091E984 /* Site */,
				CB023FD425F389B1009DEDCF /* Model */,
				CBD9800125EFC42800CAAAAD /* NetliphyApp.swift */,
				CB13AC6425F9E4D200922A03 /* RootView.swift */,
				CB56A7442640389300B5120C /* Tab.swift */,
				CBEA54702627F71100D0907B /* MemberItems.swift */,
				CB034D36261AE942002DEDDC /* ExitButtonView.swift */,
				CBEA7D4325F20D7B006902F3 /* LoginView.swift */,
				CBFC59BB25F3338500F7C11F /* CustomButtonStyle.swift */,
				CB023FD525F38BA5009DEDCF /* ProfileView.swift */,
				CB4D29BD25FB85C20077293D /* FormItems.swift */,
				CBD9801025EFC65A00CAAAAD /* API.swift */,
				CB3BB8BA25F08D5600C3EB83 /* SessionStore.swift */,
				CBD9801225EFC6AD00CAAAAD /* Enum.swift */,
				CBEFCFDC2604884500B5D969 /* Alert.swift */,
				CBD9800525EFC42A00CAAAAD /* Assets.xcassets */,
				CBD9800A25EFC42A00CAAAAD /* Info.plist */,
				CBC4A4D72604F687003FA0EE /* Netliphy.entitlements */,
				CB4D29C325FB8DDC0077293D /* Localizable.strings */,
				CBD9800725EFC42A00CAAAAD /* Preview Content */,
			);
			path = Shared;
			sourceTree = "<group>";
		};
		CBD9800725EFC42A00CAAAAD /* Preview Content */ = {
			isa = PBXGroup;
			children = (
				CBD9800825EFC42A00CAAAAD /* Preview Assets.xcassets */,
			);
			path = "Preview Content";
			sourceTree = "<group>";
		};
		CBEAE5A62631B96100A7774E /* Loading */ = {
			isa = PBXGroup;
			children = (
				CB3BB8C025F0A20C00C3EB83 /* LoadingView.swift */,
				CBEAE5A72631B9E700A7774E /* FailureView.swift */,
				CBEAE5A92631BCA100A7774E /* FailureFormView.swift */,
			);
			path = Loading;
			sourceTree = "<group>";
		};
		CBFBCB4726366B8800A2C5A4 /* Widget */ = {
			isa = PBXGroup;
			children = (
				CB9E356826330D93007A6864 /* SessionStore.swift */,
				CBFBCB112634627400A2C5A4 /* WidgetMessage.swift */,
				CBE59C0A262B2E40000081F0 /* StateWidgetView.swift */,
				CBE59C0C262BD637000081F0 /* SmallWidget.swift */,
				CBFBCB7E26368ABD00A2C5A4 /* DeployWidget */,
				CBFBCB4A26366B8800A2C5A4 /* SelectSite.intentdefinition */,
				CBFBCB6626366D3A00A2C5A4 /* Netliphy Widget.entitlements */,
				CBFBCB4D26366B8A00A2C5A4 /* Info.plist */,
			);
			path = Widget;
			sourceTree = "<group>";
		};
		CBFBCB5C26366BD200A2C5A4 /* IntentExtension */ = {
			isa = PBXGroup;
			children = (
				CBFBCB7926367DAB00A2C5A4 /* IntentExtension.entitlements */,
				CBFBCB5D26366BD200A2C5A4 /* IntentHandler.swift */,
				CBFBCB5F26366BD200A2C5A4 /* Info.plist */,
			);
			path = IntentExtension;
			sourceTree = "<group>";
		};
		CBFBCB7E26368ABD00A2C5A4 /* DeployWidget */ = {
			isa = PBXGroup;
			children = (
				CBFBCB4826366B8800A2C5A4 /* DeployWidget.swift */,
				CBFBCB7F26368AD700A2C5A4 /* Provider.swift */,
			);
			path = DeployWidget;
			sourceTree = "<group>";
		};
/* End PBXGroup section */

/* Begin PBXNativeTarget section */
		CBD97FFD25EFC42800CAAAAD /* Netliphy */ = {
			isa = PBXNativeTarget;
			buildConfigurationList = CBD9800D25EFC42A00CAAAAD /* Build configuration list for PBXNativeTarget "Netliphy" */;
			buildPhases = (
				CBD97FFA25EFC42800CAAAAD /* Sources */,
				CBD97FFB25EFC42800CAAAAD /* Frameworks */,
				CBD97FFC25EFC42800CAAAAD /* Resources */,
				CBD571AB26294AEA0034A8E8 /* Embed App Extensions */,
			);
			buildRules = (
			);
			dependencies = (
				CBFBCB5126366B8A00A2C5A4 /* PBXTargetDependency */,
				CBFBCB6126366BD200A2C5A4 /* PBXTargetDependency */,
			);
			name = Netliphy;
			packageProductDependencies = (
				CB67B4F225F0DB6A003E07A9 /* Kingfisher */,
				CB328C2325F112F400D0C3A8 /* BetterSafariView */,
			);
			productName = NetlifyApp;
			productReference = CBD97FFE25EFC42800CAAAAD /* Netliphy.app */;
			productType = "com.apple.product-type.application";
		};
		CBFBCB4326366B8800A2C5A4 /* Netliphy Widget */ = {
			isa = PBXNativeTarget;
			buildConfigurationList = CBFBCB5326366B8A00A2C5A4 /* Build configuration list for PBXNativeTarget "Netliphy Widget" */;
			buildPhases = (
				CBFBCB4026366B8800A2C5A4 /* Sources */,
				CBFBCB4126366B8800A2C5A4 /* Frameworks */,
				CBFBCB4226366B8800A2C5A4 /* Resources */,
			);
			buildRules = (
			);
			dependencies = (
			);
			name = "Netliphy Widget";
			productName = TestWidgetExtension;
			productReference = CBFBCB4426366B8800A2C5A4 /* Netliphy Widget.appex */;
			productType = "com.apple.product-type.app-extension";
		};
		CBFBCB5926366BD200A2C5A4 /* IntentExtension */ = {
			isa = PBXNativeTarget;
			buildConfigurationList = CBFBCB6326366BD200A2C5A4 /* Build configuration list for PBXNativeTarget "IntentExtension" */;
			buildPhases = (
				CBFBCB5626366BD200A2C5A4 /* Sources */,
				CBFBCB5726366BD200A2C5A4 /* Frameworks */,
				CBFBCB5826366BD200A2C5A4 /* Resources */,
			);
			buildRules = (
			);
			dependencies = (
			);
			name = IntentExtension;
			productName = IntentExtension;
			productReference = CBFBCB5A26366BD200A2C5A4 /* IntentExtension.appex */;
			productType = "com.apple.product-type.app-extension";
		};
/* End PBXNativeTarget section */

/* Begin PBXProject section */
		CBD97FF625EFC42800CAAAAD /* Project object */ = {
			isa = PBXProject;
			attributes = {
				LastSwiftUpdateCheck = 1250;
				LastUpgradeCheck = 1250;
				TargetAttributes = {
					CBD97FFD25EFC42800CAAAAD = {
						CreatedOnToolsVersion = 12.5;
					};
					CBFBCB4326366B8800A2C5A4 = {
						CreatedOnToolsVersion = 12.5;
					};
					CBFBCB5926366BD200A2C5A4 = {
						CreatedOnToolsVersion = 12.5;
					};
				};
			};
			buildConfigurationList = CBD97FF925EFC42800CAAAAD /* Build configuration list for PBXProject "Netliphy" */;
			compatibilityVersion = "Xcode 12.0";
			developmentRegion = en;
			hasScannedForEncodings = 0;
			knownRegions = (
				en,
				Base,
				ru,
			);
			mainGroup = CBD97FF525EFC42800CAAAAD;
			packageReferences = (
				CB67B4F125F0DB6A003E07A9 /* XCRemoteSwiftPackageReference "Kingfisher" */,
				CB328C2225F112F400D0C3A8 /* XCRemoteSwiftPackageReference "BetterSafariView" */,
			);
			productRefGroup = CBD97FFF25EFC42800CAAAAD /* Products */;
			projectDirPath = "";
			projectRoot = "";
			targets = (
				CBD97FFD25EFC42800CAAAAD /* Netliphy */,
				CBFBCB4326366B8800A2C5A4 /* Netliphy Widget */,
				CBFBCB5926366BD200A2C5A4 /* IntentExtension */,
			);
		};
/* End PBXProject section */

/* Begin PBXResourcesBuildPhase section */
		CBD97FFC25EFC42800CAAAAD /* Resources */ = {
			isa = PBXResourcesBuildPhase;
			buildActionMask = 2147483647;
			files = (
				CBD9800925EFC42A00CAAAAD /* Preview Assets.xcassets in Resources */,
				CB4D29C125FB8DDC0077293D /* Localizable.strings in Resources */,
				CBD9800625EFC42A00CAAAAD /* Assets.xcassets in Resources */,
			);
			runOnlyForDeploymentPostprocessing = 0;
		};
		CBFBCB4226366B8800A2C5A4 /* Resources */ = {
			isa = PBXResourcesBuildPhase;
			buildActionMask = 2147483647;
			files = (
				CBFBCB8826368FC800A2C5A4 /* Assets.xcassets in Resources */,
				CBFBCB7A2636867600A2C5A4 /* Localizable.strings in Resources */,
			);
			runOnlyForDeploymentPostprocessing = 0;
		};
		CBFBCB5826366BD200A2C5A4 /* Resources */ = {
			isa = PBXResourcesBuildPhase;
			buildActionMask = 2147483647;
			files = (
			);
			runOnlyForDeploymentPostprocessing = 0;
		};
/* End PBXResourcesBuildPhase section */

/* Begin PBXSourcesBuildPhase section */
		CBD97FFA25EFC42800CAAAAD /* Sources */ = {
			isa = PBXSourcesBuildPhase;
			buildActionMask = 2147483647;
			files = (
				CB56A73D263FBDFA00B5120C /* BuildsList.swift in Sources */,
				CB3BB8BF25F09BD600C3EB83 /* Site.swift in Sources */,
				CB601D212600949F0072813D /* SummaryItems.swift in Sources */,
				CB0974342627EFF100DA55A4 /* Members.swift in Sources */,
				CB3BB8BD25F093EC00C3EB83 /* User.swift in Sources */,
				CB056F5125FE237700E3BD14 /* String.swift in Sources */,
				CB601D232600A1700072813D /* Date.swift in Sources */,
				CB9EEA9B26021C9100368407 /* LogFile.swift in Sources */,
				CBD9801525EFC70100CAAAAD /* URL.swift in Sources */,
				CB034D37261AE942002DEDDC /* ExitButtonView.swift in Sources */,
				CB328C2125F10F9500D0C3A8 /* SiteDetails.swift in Sources */,
				CBEF34FC2607B556002B7210 /* PluginsView.swift in Sources */,
				CBEAE5AA2631BCA100A7774E /* FailureFormView.swift in Sources */,
				CB13AC6525F9E4D200922A03 /* RootView.swift in Sources */,
				CB56A738263E93DE00B5120C /* DeploysFilterView.swift in Sources */,
				CB034D39261C5824002DEDDC /* Bandwidth.swift in Sources */,
				CB56A6D3263C13C300B5120C /* DeployDetails.swift in Sources */,
				CB2007C62624157B00603FF3 /* SiteFormItems.swift in Sources */,
				CBD9800425EFC42800CAAAAD /* SitesList.swift in Sources */,
				CB09742F2626C5DF00DA55A4 /* NewsItems.swift in Sources */,
				CB3BB8BB25F08D5600C3EB83 /* SessionStore.swift in Sources */,
				CBD9801125EFC65A00CAAAAD /* API.swift in Sources */,
				CB034D3B261C598D002DEDDC /* BuildStatus.swift in Sources */,
				CBEAE5A82631B9E700A7774E /* FailureView.swift in Sources */,
				CB034D6D262011CB002DEDDC /* News.swift in Sources */,
				CB034D6F26201233002DEDDC /* NewsView.swift in Sources */,
				CB56A7452640389400B5120C /* Tab.swift in Sources */,
				CBD9801325EFC6AD00CAAAAD /* Enum.swift in Sources */,
				CB4D29BE25FB85C20077293D /* FormItems.swift in Sources */,
				CB99367325FBE53700A73A36 /* Log.swift in Sources */,
				CB5F6EE026198F200018C955 /* EnvView.swift in Sources */,
				CB2007C226234F0100603FF3 /* SubmissionsItems.swift in Sources */,
				CB023FD625F38BA5009DEDCF /* ProfileView.swift in Sources */,
				CB5F6EDB261782350018C955 /* Int.swift in Sources */,
				CBEA54712627F71100D0907B /* MemberItems.swift in Sources */,
				CBB6348D2614A88300B4D22F /* TeamItems.swift in Sources */,
				CBD9800225EFC42800CAAAAD /* NetliphyApp.swift in Sources */,
				CB9C00F625F8E51A0030F139 /* DeploysList.swift in Sources */,
				CBB6348A2614861300B4D22F /* Team.swift in Sources */,
				CBD7FCDB25FC8CA50091E984 /* LogView.swift in Sources */,
				CB3BB8C125F0A20C00C3EB83 /* LoadingView.swift in Sources */,
				CBEFCFDD2604884500B5D969 /* Alert.swift in Sources */,
				CBFBCB4F26366B8A00A2C5A4 /* SelectSite.intentdefinition in Sources */,
				CBFC59C025F3597300F7C11F /* DeployItems.swift in Sources */,
				CB56A6D1263BFCFD00B5120C /* StateView.swift in Sources */,
				CBD7FCDD25FC8EDE0091E984 /* LogItems.swift in Sources */,
				CB2007BF262343E000603FF3 /* Submissions.swift in Sources */,
				CB56A73F263FC0E600B5120C /* BuildItems.swift in Sources */,
				CBB6348F2614A8EE00B4D22F /* TeamDetails.swift in Sources */,
				CBFBCB8526368DD500A2C5A4 /* StateWidgetView.swift in Sources */,
				CBEA7D4425F20D7B006902F3 /* LoginView.swift in Sources */,
				CB328C1D25F0DC4000D0C3A8 /* SiteItems.swift in Sources */,
				CB2007C826241EC600603FF3 /* SiteFormDetails.swift in Sources */,
				CBFC59BC25F3338500F7C11F /* CustomButtonStyle.swift in Sources */,
				CB2007C426240AE500603FF3 /* SiteForm.swift in Sources */,
				CB2007CA262420C500603FF3 /* SubmissionsDetails.swift in Sources */,
				CB56A73B263FBCC300B5120C /* Build.swift in Sources */,
				CB56A741263FD70E00B5120C /* BuildsFilterView.swift in Sources */,
				CB328C1F25F1055700D0C3A8 /* Deploy.swift in Sources */,
			);
			runOnlyForDeploymentPostprocessing = 0;
		};
		CBFBCB4026366B8800A2C5A4 /* Sources */ = {
			isa = PBXSourcesBuildPhase;
			buildActionMask = 2147483647;
			files = (
				CBFBCB4E26366B8A00A2C5A4 /* SelectSite.intentdefinition in Sources */,
				CBFBCB6A26367A9600A2C5A4 /* API.swift in Sources */,
				CBFBCB7C2636879600A2C5A4 /* StateWidgetView.swift in Sources */,
				CBFBCB7226367AC000A2C5A4 /* Deploy.swift in Sources */,
				CBFBCB4926366B8800A2C5A4 /* DeployWidget.swift in Sources */,
				CBFBCB7D2636879900A2C5A4 /* SmallWidget.swift in Sources */,
				CBFBCB7B2636878E00A2C5A4 /* WidgetMessage.swift in Sources */,
				CBFBCB6E26367AA600A2C5A4 /* Enum.swift in Sources */,
				CBFBCB7026367AAE00A2C5A4 /* Site.swift in Sources */,
				CBFBCB8026368AD700A2C5A4 /* Provider.swift in Sources */,
				CBFBCB7526367AF300A2C5A4 /* SessionStore.swift in Sources */,
				CBFBCB7826367CA400A2C5A4 /* Date.swift in Sources */,
				CB56A743263FE27600B5120C /* Build.swift in Sources */,
				CBFBCB6D26367AA100A2C5A4 /* URL.swift in Sources */,
			);
			runOnlyForDeploymentPostprocessing = 0;
		};
		CBFBCB5626366BD200A2C5A4 /* Sources */ = {
			isa = PBXSourcesBuildPhase;
			buildActionMask = 2147483647;
			files = (
				CBFBCB6C26367A9E00A2C5A4 /* URL.swift in Sources */,
				CBFBCB5E26366BD200A2C5A4 /* IntentHandler.swift in Sources */,
				CBFBCB8726368EAF00A2C5A4 /* StateWidgetView.swift in Sources */,
				CBFBCB7326367ADD00A2C5A4 /* Date.swift in Sources */,
				CBFBCB6926367A9500A2C5A4 /* API.swift in Sources */,
				CB56A742263FE27600B5120C /* Build.swift in Sources */,
				CBFBCB7426367AF300A2C5A4 /* SessionStore.swift in Sources */,
				CBFBCB6B26367A9A00A2C5A4 /* Enum.swift in Sources */,
				CBFBCB6F26367AAC00A2C5A4 /* Site.swift in Sources */,
				CBFBCB8626368EAA00A2C5A4 /* Deploy.swift in Sources */,
				CBFBCB682636723A00A2C5A4 /* SelectSite.intentdefinition in Sources */,
			);
			runOnlyForDeploymentPostprocessing = 0;
		};
/* End PBXSourcesBuildPhase section */

/* Begin PBXTargetDependency section */
		CBFBCB5126366B8A00A2C5A4 /* PBXTargetDependency */ = {
			isa = PBXTargetDependency;
			target = CBFBCB4326366B8800A2C5A4 /* Netliphy Widget */;
			targetProxy = CBFBCB5026366B8A00A2C5A4 /* PBXContainerItemProxy */;
		};
		CBFBCB6126366BD200A2C5A4 /* PBXTargetDependency */ = {
			isa = PBXTargetDependency;
			target = CBFBCB5926366BD200A2C5A4 /* IntentExtension */;
			targetProxy = CBFBCB6026366BD200A2C5A4 /* PBXContainerItemProxy */;
		};
/* End PBXTargetDependency section */

/* Begin PBXVariantGroup section */
		CB4D29C325FB8DDC0077293D /* Localizable.strings */ = {
			isa = PBXVariantGroup;
			children = (
				CB4D29C225FB8DDC0077293D /* en */,
				CB4D29C425FB8DDE0077293D /* ru */,
			);
			name = Localizable.strings;
			sourceTree = "<group>";
		};
/* End PBXVariantGroup section */

/* Begin XCBuildConfiguration section */
		CBD9800B25EFC42A00CAAAAD /* Debug */ = {
			isa = XCBuildConfiguration;
			buildSettings = {
				ALWAYS_SEARCH_USER_PATHS = NO;
				CLANG_ANALYZER_LOCALIZABILITY_NONLOCALIZED = YES;
				CLANG_ANALYZER_NONNULL = YES;
				CLANG_ANALYZER_NUMBER_OBJECT_CONVERSION = YES_AGGRESSIVE;
				CLANG_CXX_LANGUAGE_STANDARD = "gnu++14";
				CLANG_CXX_LIBRARY = "libc++";
				CLANG_ENABLE_MODULES = YES;
				CLANG_ENABLE_OBJC_ARC = YES;
				CLANG_ENABLE_OBJC_WEAK = YES;
				CLANG_WARN_BLOCK_CAPTURE_AUTORELEASING = YES;
				CLANG_WARN_BOOL_CONVERSION = YES;
				CLANG_WARN_COMMA = YES;
				CLANG_WARN_CONSTANT_CONVERSION = YES;
				CLANG_WARN_DEPRECATED_OBJC_IMPLEMENTATIONS = YES;
				CLANG_WARN_DIRECT_OBJC_ISA_USAGE = YES_ERROR;
				CLANG_WARN_DOCUMENTATION_COMMENTS = YES;
				CLANG_WARN_EMPTY_BODY = YES;
				CLANG_WARN_ENUM_CONVERSION = YES;
				CLANG_WARN_INFINITE_RECURSION = YES;
				CLANG_WARN_INT_CONVERSION = YES;
				CLANG_WARN_NON_LITERAL_NULL_CONVERSION = YES;
				CLANG_WARN_OBJC_IMPLICIT_RETAIN_SELF = YES;
				CLANG_WARN_OBJC_LITERAL_CONVERSION = YES;
				CLANG_WARN_OBJC_ROOT_CLASS = YES_ERROR;
				CLANG_WARN_QUOTED_INCLUDE_IN_FRAMEWORK_HEADER = YES;
				CLANG_WARN_RANGE_LOOP_ANALYSIS = YES;
				CLANG_WARN_STRICT_PROTOTYPES = YES;
				CLANG_WARN_SUSPICIOUS_MOVE = YES;
				CLANG_WARN_UNGUARDED_AVAILABILITY = YES_AGGRESSIVE;
				CLANG_WARN_UNREACHABLE_CODE = YES;
				CLANG_WARN__DUPLICATE_METHOD_MATCH = YES;
				COPY_PHASE_STRIP = NO;
				DEBUG_INFORMATION_FORMAT = dwarf;
				ENABLE_STRICT_OBJC_MSGSEND = YES;
				ENABLE_TESTABILITY = YES;
				GCC_C_LANGUAGE_STANDARD = gnu11;
				GCC_DYNAMIC_NO_PIC = NO;
				GCC_NO_COMMON_BLOCKS = YES;
				GCC_OPTIMIZATION_LEVEL = 0;
				GCC_PREPROCESSOR_DEFINITIONS = (
					"DEBUG=1",
					"$(inherited)",
				);
				GCC_WARN_64_TO_32_BIT_CONVERSION = YES;
				GCC_WARN_ABOUT_RETURN_TYPE = YES_ERROR;
				GCC_WARN_UNDECLARED_SELECTOR = YES;
				GCC_WARN_UNINITIALIZED_AUTOS = YES_AGGRESSIVE;
				GCC_WARN_UNUSED_FUNCTION = YES;
				GCC_WARN_UNUSED_VARIABLE = YES;
				IPHONEOS_DEPLOYMENT_TARGET = 14.5;
				MTL_ENABLE_DEBUG_INFO = INCLUDE_SOURCE;
				MTL_FAST_MATH = YES;
				ONLY_ACTIVE_ARCH = YES;
				SDKROOT = iphoneos;
				SWIFT_ACTIVE_COMPILATION_CONDITIONS = DEBUG;
				SWIFT_OPTIMIZATION_LEVEL = "-Onone";
			};
			name = Debug;
		};
		CBD9800C25EFC42A00CAAAAD /* Release */ = {
			isa = XCBuildConfiguration;
			buildSettings = {
				ALWAYS_SEARCH_USER_PATHS = NO;
				CLANG_ANALYZER_LOCALIZABILITY_NONLOCALIZED = YES;
				CLANG_ANALYZER_NONNULL = YES;
				CLANG_ANALYZER_NUMBER_OBJECT_CONVERSION = YES_AGGRESSIVE;
				CLANG_CXX_LANGUAGE_STANDARD = "gnu++14";
				CLANG_CXX_LIBRARY = "libc++";
				CLANG_ENABLE_MODULES = YES;
				CLANG_ENABLE_OBJC_ARC = YES;
				CLANG_ENABLE_OBJC_WEAK = YES;
				CLANG_WARN_BLOCK_CAPTURE_AUTORELEASING = YES;
				CLANG_WARN_BOOL_CONVERSION = YES;
				CLANG_WARN_COMMA = YES;
				CLANG_WARN_CONSTANT_CONVERSION = YES;
				CLANG_WARN_DEPRECATED_OBJC_IMPLEMENTATIONS = YES;
				CLANG_WARN_DIRECT_OBJC_ISA_USAGE = YES_ERROR;
				CLANG_WARN_DOCUMENTATION_COMMENTS = YES;
				CLANG_WARN_EMPTY_BODY = YES;
				CLANG_WARN_ENUM_CONVERSION = YES;
				CLANG_WARN_INFINITE_RECURSION = YES;
				CLANG_WARN_INT_CONVERSION = YES;
				CLANG_WARN_NON_LITERAL_NULL_CONVERSION = YES;
				CLANG_WARN_OBJC_IMPLICIT_RETAIN_SELF = YES;
				CLANG_WARN_OBJC_LITERAL_CONVERSION = YES;
				CLANG_WARN_OBJC_ROOT_CLASS = YES_ERROR;
				CLANG_WARN_QUOTED_INCLUDE_IN_FRAMEWORK_HEADER = YES;
				CLANG_WARN_RANGE_LOOP_ANALYSIS = YES;
				CLANG_WARN_STRICT_PROTOTYPES = YES;
				CLANG_WARN_SUSPICIOUS_MOVE = YES;
				CLANG_WARN_UNGUARDED_AVAILABILITY = YES_AGGRESSIVE;
				CLANG_WARN_UNREACHABLE_CODE = YES;
				CLANG_WARN__DUPLICATE_METHOD_MATCH = YES;
				COPY_PHASE_STRIP = NO;
				DEBUG_INFORMATION_FORMAT = "dwarf-with-dsym";
				ENABLE_NS_ASSERTIONS = NO;
				ENABLE_STRICT_OBJC_MSGSEND = YES;
				GCC_C_LANGUAGE_STANDARD = gnu11;
				GCC_NO_COMMON_BLOCKS = YES;
				GCC_WARN_64_TO_32_BIT_CONVERSION = YES;
				GCC_WARN_ABOUT_RETURN_TYPE = YES_ERROR;
				GCC_WARN_UNDECLARED_SELECTOR = YES;
				GCC_WARN_UNINITIALIZED_AUTOS = YES_AGGRESSIVE;
				GCC_WARN_UNUSED_FUNCTION = YES;
				GCC_WARN_UNUSED_VARIABLE = YES;
				IPHONEOS_DEPLOYMENT_TARGET = 14.5;
				MTL_ENABLE_DEBUG_INFO = NO;
				MTL_FAST_MATH = YES;
				SDKROOT = iphoneos;
				SWIFT_COMPILATION_MODE = wholemodule;
				SWIFT_OPTIMIZATION_LEVEL = "-O";
				VALIDATE_PRODUCT = YES;
			};
			name = Release;
		};
		CBD9800E25EFC42A00CAAAAD /* Debug */ = {
			isa = XCBuildConfiguration;
			buildSettings = {
				ALWAYS_EMBED_SWIFT_STANDARD_LIBRARIES = YES;
				ASSETCATALOG_COMPILER_APPICON_NAME = AppIcon;
				ASSETCATALOG_COMPILER_GLOBAL_ACCENT_COLOR_NAME = AccentColor;
				CODE_SIGN_ENTITLEMENTS = Shared/Netliphy.entitlements;
				CODE_SIGN_STYLE = Automatic;
				CURRENT_PROJECT_VERSION = 15;
				DEVELOPMENT_ASSET_PATHS = "\"Shared/Preview Content\"";
				DEVELOPMENT_TEAM = 48HFZR3X8K;
				ENABLE_PREVIEWS = YES;
				INFOPLIST_FILE = Shared/Info.plist;
				IPHONEOS_DEPLOYMENT_TARGET = 14.5;
				LD_RUNPATH_SEARCH_PATHS = (
					"$(inherited)",
					"@executable_path/Frameworks",
				);
				MARKETING_VERSION = 1.3.0;
				PRODUCT_BUNDLE_IDENTIFIER = com.darkfox.netliphy;
				PRODUCT_NAME = "$(TARGET_NAME)";
				SWIFT_VERSION = 5.0;
				TARGETED_DEVICE_FAMILY = "1,2";
			};
			name = Debug;
		};
		CBD9800F25EFC42A00CAAAAD /* Release */ = {
			isa = XCBuildConfiguration;
			buildSettings = {
				ALWAYS_EMBED_SWIFT_STANDARD_LIBRARIES = YES;
				ASSETCATALOG_COMPILER_APPICON_NAME = AppIcon;
				ASSETCATALOG_COMPILER_GLOBAL_ACCENT_COLOR_NAME = AccentColor;
				CODE_SIGN_ENTITLEMENTS = Shared/Netliphy.entitlements;
				CODE_SIGN_STYLE = Automatic;
				CURRENT_PROJECT_VERSION = 15;
				DEVELOPMENT_ASSET_PATHS = "\"Shared/Preview Content\"";
				DEVELOPMENT_TEAM = 48HFZR3X8K;
				ENABLE_PREVIEWS = YES;
				INFOPLIST_FILE = Shared/Info.plist;
				IPHONEOS_DEPLOYMENT_TARGET = 14.5;
				LD_RUNPATH_SEARCH_PATHS = (
					"$(inherited)",
					"@executable_path/Frameworks",
				);
				MARKETING_VERSION = 1.3.0;
				PRODUCT_BUNDLE_IDENTIFIER = com.darkfox.netliphy;
				PRODUCT_NAME = "$(TARGET_NAME)";
				SWIFT_VERSION = 5.0;
				TARGETED_DEVICE_FAMILY = "1,2";
			};
			name = Release;
		};
		CBFBCB5426366B8A00A2C5A4 /* Debug */ = {
			isa = XCBuildConfiguration;
			buildSettings = {
				ASSETCATALOG_COMPILER_GLOBAL_ACCENT_COLOR_NAME = AccentColor;
				ASSETCATALOG_COMPILER_WIDGET_BACKGROUND_COLOR_NAME = WidgetBackground;
				CODE_SIGN_ENTITLEMENTS = "Widget/Netliphy Widget.entitlements";
				CODE_SIGN_STYLE = Automatic;
				CURRENT_PROJECT_VERSION = 15;
				DEVELOPMENT_TEAM = 48HFZR3X8K;
				INFOPLIST_FILE = Widget/Info.plist;
				LD_RUNPATH_SEARCH_PATHS = (
					"$(inherited)",
					"@executable_path/Frameworks",
					"@executable_path/../../Frameworks",
				);
				MARKETING_VERSION = 1.3.0;
				PRODUCT_BUNDLE_IDENTIFIER = com.darkfox.netliphy.widget;
				PRODUCT_NAME = "$(TARGET_NAME)";
				SKIP_INSTALL = YES;
				SWIFT_VERSION = 5.0;
				TARGETED_DEVICE_FAMILY = "1,2";
			};
			name = Debug;
		};
		CBFBCB5526366B8A00A2C5A4 /* Release */ = {
			isa = XCBuildConfiguration;
			buildSettings = {
				ASSETCATALOG_COMPILER_GLOBAL_ACCENT_COLOR_NAME = AccentColor;
				ASSETCATALOG_COMPILER_WIDGET_BACKGROUND_COLOR_NAME = WidgetBackground;
				CODE_SIGN_ENTITLEMENTS = "Widget/Netliphy Widget.entitlements";
				CODE_SIGN_STYLE = Automatic;
				CURRENT_PROJECT_VERSION = 15;
				DEVELOPMENT_TEAM = 48HFZR3X8K;
				INFOPLIST_FILE = Widget/Info.plist;
				LD_RUNPATH_SEARCH_PATHS = (
					"$(inherited)",
					"@executable_path/Frameworks",
					"@executable_path/../../Frameworks",
				);
				MARKETING_VERSION = 1.3.0;
				PRODUCT_BUNDLE_IDENTIFIER = com.darkfox.netliphy.widget;
				PRODUCT_NAME = "$(TARGET_NAME)";
				SKIP_INSTALL = YES;
				SWIFT_VERSION = 5.0;
				TARGETED_DEVICE_FAMILY = "1,2";
			};
			name = Release;
		};
		CBFBCB6426366BD200A2C5A4 /* Debug */ = {
			isa = XCBuildConfiguration;
			buildSettings = {
				CODE_SIGN_ENTITLEMENTS = IntentExtension/IntentExtension.entitlements;
				CODE_SIGN_STYLE = Automatic;
				CURRENT_PROJECT_VERSION = 15;
				DEVELOPMENT_TEAM = 48HFZR3X8K;
				INFOPLIST_FILE = IntentExtension/Info.plist;
				LD_RUNPATH_SEARCH_PATHS = (
					"$(inherited)",
					"@executable_path/Frameworks",
					"@executable_path/../../Frameworks",
				);
				MARKETING_VERSION = 1.3.0;
				PRODUCT_BUNDLE_IDENTIFIER = com.darkfox.netliphy.intent;
				PRODUCT_NAME = "$(TARGET_NAME)";
				SKIP_INSTALL = YES;
				SWIFT_VERSION = 5.0;
				TARGETED_DEVICE_FAMILY = "1,2";
			};
			name = Debug;
		};
		CBFBCB6526366BD200A2C5A4 /* Release */ = {
			isa = XCBuildConfiguration;
			buildSettings = {
				CODE_SIGN_ENTITLEMENTS = IntentExtension/IntentExtension.entitlements;
				CODE_SIGN_STYLE = Automatic;
				CURRENT_PROJECT_VERSION = 15;
				DEVELOPMENT_TEAM = 48HFZR3X8K;
				INFOPLIST_FILE = IntentExtension/Info.plist;
				LD_RUNPATH_SEARCH_PATHS = (
					"$(inherited)",
					"@executable_path/Frameworks",
					"@executable_path/../../Frameworks",
				);
				MARKETING_VERSION = 1.3.0;
				PRODUCT_BUNDLE_IDENTIFIER = com.darkfox.netliphy.intent;
				PRODUCT_NAME = "$(TARGET_NAME)";
				SKIP_INSTALL = YES;
				SWIFT_VERSION = 5.0;
				TARGETED_DEVICE_FAMILY = "1,2";
			};
			name = Release;
		};
/* End XCBuildConfiguration section */

/* Begin XCConfigurationList section */
		CBD97FF925EFC42800CAAAAD /* Build configuration list for PBXProject "Netliphy" */ = {
			isa = XCConfigurationList;
			buildConfigurations = (
				CBD9800B25EFC42A00CAAAAD /* Debug */,
				CBD9800C25EFC42A00CAAAAD /* Release */,
			);
			defaultConfigurationIsVisible = 0;
			defaultConfigurationName = Release;
		};
		CBD9800D25EFC42A00CAAAAD /* Build configuration list for PBXNativeTarget "Netliphy" */ = {
			isa = XCConfigurationList;
			buildConfigurations = (
				CBD9800E25EFC42A00CAAAAD /* Debug */,
				CBD9800F25EFC42A00CAAAAD /* Release */,
			);
			defaultConfigurationIsVisible = 0;
			defaultConfigurationName = Release;
		};
		CBFBCB5326366B8A00A2C5A4 /* Build configuration list for PBXNativeTarget "Netliphy Widget" */ = {
			isa = XCConfigurationList;
			buildConfigurations = (
				CBFBCB5426366B8A00A2C5A4 /* Debug */,
				CBFBCB5526366B8A00A2C5A4 /* Release */,
			);
			defaultConfigurationIsVisible = 0;
			defaultConfigurationName = Release;
		};
		CBFBCB6326366BD200A2C5A4 /* Build configuration list for PBXNativeTarget "IntentExtension" */ = {
			isa = XCConfigurationList;
			buildConfigurations = (
				CBFBCB6426366BD200A2C5A4 /* Debug */,
				CBFBCB6526366BD200A2C5A4 /* Release */,
			);
			defaultConfigurationIsVisible = 0;
			defaultConfigurationName = Release;
		};
/* End XCConfigurationList section */

/* Begin XCRemoteSwiftPackageReference section */
		CB328C2225F112F400D0C3A8 /* XCRemoteSwiftPackageReference "BetterSafariView" */ = {
			isa = XCRemoteSwiftPackageReference;
			repositoryURL = "https://github.com/stleamist/BetterSafariView";
			requirement = {
				kind = upToNextMajorVersion;
				minimumVersion = 2.3.1;
			};
		};
		CB67B4F125F0DB6A003E07A9 /* XCRemoteSwiftPackageReference "Kingfisher" */ = {
			isa = XCRemoteSwiftPackageReference;
			repositoryURL = "https://github.com/onevcat/Kingfisher";
			requirement = {
				kind = upToNextMajorVersion;
				minimumVersion = 6.1.1;
			};
		};
/* End XCRemoteSwiftPackageReference section */

/* Begin XCSwiftPackageProductDependency section */
		CB328C2325F112F400D0C3A8 /* BetterSafariView */ = {
			isa = XCSwiftPackageProductDependency;
			package = CB328C2225F112F400D0C3A8 /* XCRemoteSwiftPackageReference "BetterSafariView" */;
			productName = BetterSafariView;
		};
		CB67B4F225F0DB6A003E07A9 /* Kingfisher */ = {
			isa = XCSwiftPackageProductDependency;
			package = CB67B4F125F0DB6A003E07A9 /* XCRemoteSwiftPackageReference "Kingfisher" */;
			productName = Kingfisher;
		};
/* End XCSwiftPackageProductDependency section */
	};
	rootObject = CBD97FF625EFC42800CAAAAD /* Project object */;
}
